// !$*UTF8*$!
{
	archiveVersion = 1;
	classes = {
	};
	objectVersion = 46;
	objects = {

/* Begin PBXBuildFile section */
		0A1FEA411B372B2C00AFB6A3 /* SHPlace.m in Sources */ = {isa = PBXBuildFile; fileRef = 0A1FEA401B372B2C00AFB6A3 /* SHPlace.m */; };
		4C964F941B37340B00F59E59 /* SHPlaceManager.m in Sources */ = {isa = PBXBuildFile; fileRef = 4C964F911B37340B00F59E59 /* SHPlaceManager.m */; };
		4C964F951B37340B00F59E59 /* UIView+AutoLayout.m in Sources */ = {isa = PBXBuildFile; fileRef = 4C964F931B37340B00F59E59 /* UIView+AutoLayout.m */; };
		4C964F9B1B37343500F59E59 /* SYAudioPlayerView.m in Sources */ = {isa = PBXBuildFile; fileRef = 4C964F981B37343500F59E59 /* SYAudioPlayerView.m */; };
		4C964F9C1B37343500F59E59 /* SYFullAudioPlayerView.m in Sources */ = {isa = PBXBuildFile; fileRef = 4C964F9A1B37343500F59E59 /* SYFullAudioPlayerView.m */; };
		4CA24BF41B373E1200593941 /* SHImageScrollerView.m in Sources */ = {isa = PBXBuildFile; fileRef = 4CA24BF31B373E1200593941 /* SHImageScrollerView.m */; };
		4CC917F71B3742FF002AAEAF /* SHBaseViewController.m in Sources */ = {isa = PBXBuildFile; fileRef = 4CC917F21B3742FF002AAEAF /* SHBaseViewController.m */; };
		4CC917F81B3742FF002AAEAF /* SHPlaceViewController.m in Sources */ = {isa = PBXBuildFile; fileRef = 4CC917F41B3742FF002AAEAF /* SHPlaceViewController.m */; };
		4CC917F91B3742FF002AAEAF /* SHTourViewController.m in Sources */ = {isa = PBXBuildFile; fileRef = 4CC917F61B3742FF002AAEAF /* SHTourViewController.m */; };
		4CC917FB1B375981002AAEAF /* I Need A Dollar.mp3 in Resources */ = {isa = PBXBuildFile; fileRef = 4CC917FA1B375981002AAEAF /* I Need A Dollar.mp3 */; };
		4CC9180E1B375C29002AAEAF /* Reachability.m in Sources */ = {isa = PBXBuildFile; fileRef = 4CC9180D1B375C29002AAEAF /* Reachability.m */; };
		52255A0128719DB322969A65 /* libPods.a in Frameworks */ = {isa = PBXBuildFile; fileRef = 0B0C622101A79892C2599885 /* libPods.a */; };
		6C3C1E1A1B37227D008B39D0 /* main.m in Sources */ = {isa = PBXBuildFile; fileRef = 6C3C1E191B37227D008B39D0 /* main.m */; };
		6C3C1E1D1B37227D008B39D0 /* AppDelegate.m in Sources */ = {isa = PBXBuildFile; fileRef = 6C3C1E1C1B37227D008B39D0 /* AppDelegate.m */; };
		6C3C1E231B37227D008B39D0 /* Main.storyboard in Resources */ = {isa = PBXBuildFile; fileRef = 6C3C1E211B37227D008B39D0 /* Main.storyboard */; };
		6C3C1E251B37227D008B39D0 /* Images.xcassets in Resources */ = {isa = PBXBuildFile; fileRef = 6C3C1E241B37227D008B39D0 /* Images.xcassets */; };
		6C3C1E281B37227D008B39D0 /* LaunchScreen.xib in Resources */ = {isa = PBXBuildFile; fileRef = 6C3C1E261B37227D008B39D0 /* LaunchScreen.xib */; };
		6C3C1E341B37227D008B39D0 /* SaratogaHistoryTests.m in Sources */ = {isa = PBXBuildFile; fileRef = 6C3C1E331B37227D008B39D0 /* SaratogaHistoryTests.m */; };
		6CB025541B3DB5610099BFD4 /* nextBlack.png in Resources */ = {isa = PBXBuildFile; fileRef = 6CB0254C1B3DB5610099BFD4 /* nextBlack.png */; };
		6CB025551B3DB5610099BFD4 /* pauseBlack.png in Resources */ = {isa = PBXBuildFile; fileRef = 6CB0254D1B3DB5610099BFD4 /* pauseBlack.png */; };
		6CB025561B3DB5610099BFD4 /* pausebutton.png in Resources */ = {isa = PBXBuildFile; fileRef = 6CB0254E1B3DB5610099BFD4 /* pausebutton.png */; };
		6CB025571B3DB5610099BFD4 /* playBlack.png in Resources */ = {isa = PBXBuildFile; fileRef = 6CB0254F1B3DB5610099BFD4 /* playBlack.png */; };
		6CB025581B3DB5610099BFD4 /* playbutton.png in Resources */ = {isa = PBXBuildFile; fileRef = 6CB025501B3DB5610099BFD4 /* playbutton.png */; };
		6CB025591B3DB5610099BFD4 /* previousBlack.png in Resources */ = {isa = PBXBuildFile; fileRef = 6CB025511B3DB5610099BFD4 /* previousBlack.png */; };
		6CB0255A1B3DB5610099BFD4 /* SaratogaHistory2.jpg in Resources */ = {isa = PBXBuildFile; fileRef = 6CB025521B3DB5610099BFD4 /* SaratogaHistory2.jpg */; };
		6CB0255B1B3DB5610099BFD4 /* SaratogaHistoryImage.jpg in Resources */ = {isa = PBXBuildFile; fileRef = 6CB025531B3DB5610099BFD4 /* SaratogaHistoryImage.jpg */; };
		6CB025611B3DE3E00099BFD4 /* CSImageAnnotationView.m in Sources */ = {isa = PBXBuildFile; fileRef = 6CB025601B3DE3E00099BFD4 /* CSImageAnnotationView.m */; };
		6CC660AD1B3D1B1E00D00AAF /* PlaceImages in Resources */ = {isa = PBXBuildFile; fileRef = 6CC660AC1B3D1B1E00D00AAF /* PlaceImages */; };
		B20C8C791B3DD83200958289 /* CSRouteAnnotation.m in Sources */ = {isa = PBXBuildFile; fileRef = B20C8C761B3DD83200958289 /* CSRouteAnnotation.m */; };
		B20C8C7A1B3DD83200958289 /* CSRouteView.m in Sources */ = {isa = PBXBuildFile; fileRef = B20C8C781B3DD83200958289 /* CSRouteView.m */; };
		B20C8C7E1B3DDA0700958289 /* CSMapAnnotation.m in Sources */ = {isa = PBXBuildFile; fileRef = B20C8C7D1B3DDA0700958289 /* CSMapAnnotation.m */; };
/* End PBXBuildFile section */

/* Begin PBXContainerItemProxy section */
		6C3C1E2E1B37227D008B39D0 /* PBXContainerItemProxy */ = {
			isa = PBXContainerItemProxy;
			containerPortal = 6C3C1E0C1B37227D008B39D0 /* Project object */;
			proxyType = 1;
			remoteGlobalIDString = 6C3C1E131B37227D008B39D0;
			remoteInfo = SaratogaHistory;
		};
/* End PBXContainerItemProxy section */

/* Begin PBXFileReference section */
		0A1FEA3F1B372B2C00AFB6A3 /* SHPlace.h */ = {isa = PBXFileReference; fileEncoding = 4; lastKnownFileType = sourcecode.c.h; path = SHPlace.h; sourceTree = "<group>"; };
		0A1FEA401B372B2C00AFB6A3 /* SHPlace.m */ = {isa = PBXFileReference; fileEncoding = 4; lastKnownFileType = sourcecode.c.objc; path = SHPlace.m; sourceTree = "<group>"; };
		0B0C622101A79892C2599885 /* libPods.a */ = {isa = PBXFileReference; explicitFileType = archive.ar; includeInIndex = 0; path = libPods.a; sourceTree = BUILT_PRODUCTS_DIR; };
		0E265443D33F62DAD5EADEA4 /* Pods.debug.xcconfig */ = {isa = PBXFileReference; includeInIndex = 1; lastKnownFileType = text.xcconfig; name = Pods.debug.xcconfig; path = "Pods/Target Support Files/Pods/Pods.debug.xcconfig"; sourceTree = "<group>"; };
		4C964F901B37340B00F59E59 /* SHPlaceManager.h */ = {isa = PBXFileReference; fileEncoding = 4; lastKnownFileType = sourcecode.c.h; path = SHPlaceManager.h; sourceTree = "<group>"; };
		4C964F911B37340B00F59E59 /* SHPlaceManager.m */ = {isa = PBXFileReference; fileEncoding = 4; lastKnownFileType = sourcecode.c.objc; path = SHPlaceManager.m; sourceTree = "<group>"; };
		4C964F921B37340B00F59E59 /* UIView+AutoLayout.h */ = {isa = PBXFileReference; fileEncoding = 4; lastKnownFileType = sourcecode.c.h; path = "UIView+AutoLayout.h"; sourceTree = "<group>"; };
		4C964F931B37340B00F59E59 /* UIView+AutoLayout.m */ = {isa = PBXFileReference; fileEncoding = 4; lastKnownFileType = sourcecode.c.objc; path = "UIView+AutoLayout.m"; sourceTree = "<group>"; };
		4C964F971B37343500F59E59 /* SYAudioPlayerView.h */ = {isa = PBXFileReference; fileEncoding = 4; lastKnownFileType = sourcecode.c.h; path = SYAudioPlayerView.h; sourceTree = "<group>"; };
		4C964F981B37343500F59E59 /* SYAudioPlayerView.m */ = {isa = PBXFileReference; fileEncoding = 4; lastKnownFileType = sourcecode.c.objc; path = SYAudioPlayerView.m; sourceTree = "<group>"; };
		4C964F991B37343500F59E59 /* SYFullAudioPlayerView.h */ = {isa = PBXFileReference; fileEncoding = 4; lastKnownFileType = sourcecode.c.h; path = SYFullAudioPlayerView.h; sourceTree = "<group>"; };
		4C964F9A1B37343500F59E59 /* SYFullAudioPlayerView.m */ = {isa = PBXFileReference; fileEncoding = 4; lastKnownFileType = sourcecode.c.objc; path = SYFullAudioPlayerView.m; sourceTree = "<group>"; };
		4CA24BF21B373E1200593941 /* SHImageScrollerView.h */ = {isa = PBXFileReference; fileEncoding = 4; lastKnownFileType = sourcecode.c.h; path = SHImageScrollerView.h; sourceTree = "<group>"; };
		4CA24BF31B373E1200593941 /* SHImageScrollerView.m */ = {isa = PBXFileReference; fileEncoding = 4; lastKnownFileType = sourcecode.c.objc; path = SHImageScrollerView.m; sourceTree = "<group>"; };
		4CC917F11B3742FF002AAEAF /* SHBaseViewController.h */ = {isa = PBXFileReference; fileEncoding = 4; lastKnownFileType = sourcecode.c.h; name = SHBaseViewController.h; path = Controllers/SHBaseViewController.h; sourceTree = "<group>"; };
		4CC917F21B3742FF002AAEAF /* SHBaseViewController.m */ = {isa = PBXFileReference; fileEncoding = 4; lastKnownFileType = sourcecode.c.objc; name = SHBaseViewController.m; path = Controllers/SHBaseViewController.m; sourceTree = "<group>"; };
		4CC917F31B3742FF002AAEAF /* SHPlaceViewController.h */ = {isa = PBXFileReference; fileEncoding = 4; lastKnownFileType = sourcecode.c.h; name = SHPlaceViewController.h; path = Controllers/SHPlaceViewController.h; sourceTree = "<group>"; };
		4CC917F41B3742FF002AAEAF /* SHPlaceViewController.m */ = {isa = PBXFileReference; fileEncoding = 4; lastKnownFileType = sourcecode.c.objc; name = SHPlaceViewController.m; path = Controllers/SHPlaceViewController.m; sourceTree = "<group>"; };
		4CC917F51B3742FF002AAEAF /* SHTourViewController.h */ = {isa = PBXFileReference; fileEncoding = 4; lastKnownFileType = sourcecode.c.h; name = SHTourViewController.h; path = Controllers/SHTourViewController.h; sourceTree = "<group>"; };
		4CC917F61B3742FF002AAEAF /* SHTourViewController.m */ = {isa = PBXFileReference; fileEncoding = 4; lastKnownFileType = sourcecode.c.objc; name = SHTourViewController.m; path = Controllers/SHTourViewController.m; sourceTree = "<group>"; };
		4CC917FA1B375981002AAEAF /* I Need A Dollar.mp3 */ = {isa = PBXFileReference; lastKnownFileType = audio.mp3; path = "I Need A Dollar.mp3"; sourceTree = "<group>"; };
		4CC9180C1B375C29002AAEAF /* Reachability.h */ = {isa = PBXFileReference; fileEncoding = 4; lastKnownFileType = sourcecode.c.h; path = Reachability.h; sourceTree = "<group>"; };
		4CC9180D1B375C29002AAEAF /* Reachability.m */ = {isa = PBXFileReference; fileEncoding = 4; lastKnownFileType = sourcecode.c.objc; path = Reachability.m; sourceTree = "<group>"; };
		6C3C1E141B37227D008B39D0 /* SaratogaHistory.app */ = {isa = PBXFileReference; explicitFileType = wrapper.application; includeInIndex = 0; path = SaratogaHistory.app; sourceTree = BUILT_PRODUCTS_DIR; };
		6C3C1E181B37227D008B39D0 /* Info.plist */ = {isa = PBXFileReference; lastKnownFileType = text.plist.xml; path = Info.plist; sourceTree = "<group>"; };
		6C3C1E191B37227D008B39D0 /* main.m */ = {isa = PBXFileReference; lastKnownFileType = sourcecode.c.objc; path = main.m; sourceTree = "<group>"; };
		6C3C1E1B1B37227D008B39D0 /* AppDelegate.h */ = {isa = PBXFileReference; lastKnownFileType = sourcecode.c.h; path = AppDelegate.h; sourceTree = "<group>"; };
		6C3C1E1C1B37227D008B39D0 /* AppDelegate.m */ = {isa = PBXFileReference; lastKnownFileType = sourcecode.c.objc; path = AppDelegate.m; sourceTree = "<group>"; };
		6C3C1E221B37227D008B39D0 /* Base */ = {isa = PBXFileReference; lastKnownFileType = file.storyboard; name = Base; path = Base.lproj/Main.storyboard; sourceTree = "<group>"; };
		6C3C1E241B37227D008B39D0 /* Images.xcassets */ = {isa = PBXFileReference; lastKnownFileType = folder.assetcatalog; path = Images.xcassets; sourceTree = "<group>"; };
		6C3C1E271B37227D008B39D0 /* Base */ = {isa = PBXFileReference; lastKnownFileType = file.xib; name = Base; path = Base.lproj/LaunchScreen.xib; sourceTree = "<group>"; };
		6C3C1E2D1B37227D008B39D0 /* SaratogaHistoryTests.xctest */ = {isa = PBXFileReference; explicitFileType = wrapper.cfbundle; includeInIndex = 0; path = SaratogaHistoryTests.xctest; sourceTree = BUILT_PRODUCTS_DIR; };
		6C3C1E321B37227D008B39D0 /* Info.plist */ = {isa = PBXFileReference; lastKnownFileType = text.plist.xml; path = Info.plist; sourceTree = "<group>"; };
		6C3C1E331B37227D008B39D0 /* SaratogaHistoryTests.m */ = {isa = PBXFileReference; lastKnownFileType = sourcecode.c.objc; path = SaratogaHistoryTests.m; sourceTree = "<group>"; };
		6CB0254C1B3DB5610099BFD4 /* nextBlack.png */ = {isa = PBXFileReference; lastKnownFileType = image.png; path = nextBlack.png; sourceTree = "<group>"; };
		6CB0254D1B3DB5610099BFD4 /* pauseBlack.png */ = {isa = PBXFileReference; lastKnownFileType = image.png; path = pauseBlack.png; sourceTree = "<group>"; };
		6CB0254E1B3DB5610099BFD4 /* pausebutton.png */ = {isa = PBXFileReference; lastKnownFileType = image.png; path = pausebutton.png; sourceTree = "<group>"; };
		6CB0254F1B3DB5610099BFD4 /* playBlack.png */ = {isa = PBXFileReference; lastKnownFileType = image.png; path = playBlack.png; sourceTree = "<group>"; };
		6CB025501B3DB5610099BFD4 /* playbutton.png */ = {isa = PBXFileReference; lastKnownFileType = image.png; path = playbutton.png; sourceTree = "<group>"; };
		6CB025511B3DB5610099BFD4 /* previousBlack.png */ = {isa = PBXFileReference; lastKnownFileType = image.png; path = previousBlack.png; sourceTree = "<group>"; };
		6CB025521B3DB5610099BFD4 /* SaratogaHistory2.jpg */ = {isa = PBXFileReference; lastKnownFileType = image.jpeg; path = SaratogaHistory2.jpg; sourceTree = "<group>"; };
		6CB025531B3DB5610099BFD4 /* SaratogaHistoryImage.jpg */ = {isa = PBXFileReference; lastKnownFileType = image.jpeg; path = SaratogaHistoryImage.jpg; sourceTree = "<group>"; };
		6CB0255F1B3DE3E00099BFD4 /* CSImageAnnotationView.h */ = {isa = PBXFileReference; fileEncoding = 4; lastKnownFileType = sourcecode.c.h; path = CSImageAnnotationView.h; sourceTree = "<group>"; };
		6CB025601B3DE3E00099BFD4 /* CSImageAnnotationView.m */ = {isa = PBXFileReference; fileEncoding = 4; lastKnownFileType = sourcecode.c.objc; path = CSImageAnnotationView.m; sourceTree = "<group>"; };
		6CC660AC1B3D1B1E00D00AAF /* PlaceImages */ = {isa = PBXFileReference; lastKnownFileType = folder; path = PlaceImages; sourceTree = "<group>"; };
		B20C8C751B3DD83200958289 /* CSRouteAnnotation.h */ = {isa = PBXFileReference; fileEncoding = 4; lastKnownFileType = sourcecode.c.h; path = CSRouteAnnotation.h; sourceTree = "<group>"; };
		B20C8C761B3DD83200958289 /* CSRouteAnnotation.m */ = {isa = PBXFileReference; fileEncoding = 4; lastKnownFileType = sourcecode.c.objc; path = CSRouteAnnotation.m; sourceTree = "<group>"; };
		B20C8C771B3DD83200958289 /* CSRouteView.h */ = {isa = PBXFileReference; fileEncoding = 4; lastKnownFileType = sourcecode.c.h; path = CSRouteView.h; sourceTree = "<group>"; };
		B20C8C781B3DD83200958289 /* CSRouteView.m */ = {isa = PBXFileReference; fileEncoding = 4; lastKnownFileType = sourcecode.c.objc; path = CSRouteView.m; sourceTree = "<group>"; };
		B20C8C7C1B3DDA0700958289 /* CSMapAnnotation.h */ = {isa = PBXFileReference; fileEncoding = 4; lastKnownFileType = sourcecode.c.h; path = CSMapAnnotation.h; sourceTree = "<group>"; };
		B20C8C7D1B3DDA0700958289 /* CSMapAnnotation.m */ = {isa = PBXFileReference; fileEncoding = 4; lastKnownFileType = sourcecode.c.objc; path = CSMapAnnotation.m; sourceTree = "<group>"; };
		BA3C52C486C8911CA9830DE3 /* Pods.release.xcconfig */ = {isa = PBXFileReference; includeInIndex = 1; lastKnownFileType = text.xcconfig; name = Pods.release.xcconfig; path = "Pods/Target Support Files/Pods/Pods.release.xcconfig"; sourceTree = "<group>"; };
/* End PBXFileReference section */

/* Begin PBXFrameworksBuildPhase section */
		6C3C1E111B37227D008B39D0 /* Frameworks */ = {
			isa = PBXFrameworksBuildPhase;
			buildActionMask = 2147483647;
			files = (
				52255A0128719DB322969A65 /* libPods.a in Frameworks */,
			);
			runOnlyForDeploymentPostprocessing = 0;
		};
		6C3C1E2A1B37227D008B39D0 /* Frameworks */ = {
			isa = PBXFrameworksBuildPhase;
			buildActionMask = 2147483647;
			files = (
			);
			runOnlyForDeploymentPostprocessing = 0;
		};
/* End PBXFrameworksBuildPhase section */

/* Begin PBXGroup section */
		0A1FEA3E1B372B2C00AFB6A3 /* Models */ = {
			isa = PBXGroup;
			children = (
				0A1FEA3F1B372B2C00AFB6A3 /* SHPlace.h */,
				0A1FEA401B372B2C00AFB6A3 /* SHPlace.m */,
			);
			path = Models;
			sourceTree = "<group>";
		};
		18D618B3ED089D615FE8AAD4 /* Frameworks */ = {
			isa = PBXGroup;
			children = (
				0B0C622101A79892C2599885 /* libPods.a */,
			);
			name = Frameworks;
			sourceTree = "<group>";
		};
		4C964F8F1B37340B00F59E59 /* Helpers */ = {
			isa = PBXGroup;
			children = (
				4C964F901B37340B00F59E59 /* SHPlaceManager.h */,
				4C964F911B37340B00F59E59 /* SHPlaceManager.m */,
				4C964F921B37340B00F59E59 /* UIView+AutoLayout.h */,
				4C964F931B37340B00F59E59 /* UIView+AutoLayout.m */,
				4CC9180C1B375C29002AAEAF /* Reachability.h */,
				4CC9180D1B375C29002AAEAF /* Reachability.m */,
			);
			path = Helpers;
			sourceTree = "<group>";
		};
		4C964F961B37343500F59E59 /* Views */ = {
			isa = PBXGroup;
			children = (
				4C964F971B37343500F59E59 /* SYAudioPlayerView.h */,
				4C964F981B37343500F59E59 /* SYAudioPlayerView.m */,
				4C964F991B37343500F59E59 /* SYFullAudioPlayerView.h */,
				4C964F9A1B37343500F59E59 /* SYFullAudioPlayerView.m */,
				4CA24BF21B373E1200593941 /* SHImageScrollerView.h */,
				4CA24BF31B373E1200593941 /* SHImageScrollerView.m */,
				B20C8C7B1B3DD84300958289 /* Route Lines */,
			);
			name = Views;
			path = SaratogaHistory/Views;
			sourceTree = SOURCE_ROOT;
		};
		4CA24BE51B373AC000593941 /* Controllers */ = {
			isa = PBXGroup;
			children = (
				4CC917F11B3742FF002AAEAF /* SHBaseViewController.h */,
				4CC917F21B3742FF002AAEAF /* SHBaseViewController.m */,
				4CC917F31B3742FF002AAEAF /* SHPlaceViewController.h */,
				4CC917F41B3742FF002AAEAF /* SHPlaceViewController.m */,
				4CC917F51B3742FF002AAEAF /* SHTourViewController.h */,
				4CC917F61B3742FF002AAEAF /* SHTourViewController.m */,
			);
			name = Controllers;
			sourceTree = "<group>";
		};
		6C3C1E0B1B37227D008B39D0 = {
			isa = PBXGroup;
			children = (
				6C3C1E161B37227D008B39D0 /* SaratogaHistory */,
				6C3C1E151B37227D008B39D0 /* Products */,
				6C3C1E301B37227D008B39D0 /* SaratogaHistoryTests */,
				B5B418F1429813456E638151 /* Pods */,
				18D618B3ED089D615FE8AAD4 /* Frameworks */,
			);
			sourceTree = "<group>";
		};
		6C3C1E151B37227D008B39D0 /* Products */ = {
			isa = PBXGroup;
			children = (
				6C3C1E141B37227D008B39D0 /* SaratogaHistory.app */,
				6C3C1E2D1B37227D008B39D0 /* SaratogaHistoryTests.xctest */,
			);
			name = Products;
			sourceTree = "<group>";
		};
		6C3C1E161B37227D008B39D0 /* SaratogaHistory */ = {
			isa = PBXGroup;
			children = (
				6C3C1E1B1B37227D008B39D0 /* AppDelegate.h */,
				6C3C1E1C1B37227D008B39D0 /* AppDelegate.m */,
				6C3C1E261B37227D008B39D0 /* LaunchScreen.xib */,
				6C3C1E211B37227D008B39D0 /* Main.storyboard */,
				4CA24BE51B373AC000593941 /* Controllers */,
				6C3C1E241B37227D008B39D0 /* Images.xcassets */,
				4C964F961B37343500F59E59 /* Views */,
				0A1FEA3E1B372B2C00AFB6A3 /* Models */,
				4C964F8F1B37340B00F59E59 /* Helpers */,
				6CB0254B1B3DB5610099BFD4 /* Images */,
				6CC660AC1B3D1B1E00D00AAF /* PlaceImages */,
				6C3C1E171B37227D008B39D0 /* Supporting Files */,
			);
			path = SaratogaHistory;
			sourceTree = "<group>";
		};
		6C3C1E171B37227D008B39D0 /* Supporting Files */ = {
			isa = PBXGroup;
			children = (
				4CC917FA1B375981002AAEAF /* I Need A Dollar.mp3 */,
				6C3C1E181B37227D008B39D0 /* Info.plist */,
				6C3C1E191B37227D008B39D0 /* main.m */,
			);
			name = "Supporting Files";
			sourceTree = "<group>";
		};
		6C3C1E301B37227D008B39D0 /* SaratogaHistoryTests */ = {
			isa = PBXGroup;
			children = (
				6C3C1E331B37227D008B39D0 /* SaratogaHistoryTests.m */,
				6C3C1E311B37227D008B39D0 /* Supporting Files */,
			);
			path = SaratogaHistoryTests;
			sourceTree = "<group>";
		};
		6C3C1E311B37227D008B39D0 /* Supporting Files */ = {
			isa = PBXGroup;
			children = (
				6C3C1E321B37227D008B39D0 /* Info.plist */,
			);
			name = "Supporting Files";
			sourceTree = "<group>";
		};
		6CB0254B1B3DB5610099BFD4 /* Images */ = {
			isa = PBXGroup;
			children = (
				6CB0254C1B3DB5610099BFD4 /* nextBlack.png */,
				6CB0254D1B3DB5610099BFD4 /* pauseBlack.png */,
				6CB0254E1B3DB5610099BFD4 /* pausebutton.png */,
				6CB0254F1B3DB5610099BFD4 /* playBlack.png */,
				6CB025501B3DB5610099BFD4 /* playbutton.png */,
				6CB025511B3DB5610099BFD4 /* previousBlack.png */,
				6CB025521B3DB5610099BFD4 /* SaratogaHistory2.jpg */,
				6CB025531B3DB5610099BFD4 /* SaratogaHistoryImage.jpg */,
			);
			path = Images;
			sourceTree = "<group>";
		};
		B20C8C7B1B3DD84300958289 /* Route Lines */ = {
			isa = PBXGroup;
			children = (
				6CB0255F1B3DE3E00099BFD4 /* CSImageAnnotationView.h */,
				6CB025601B3DE3E00099BFD4 /* CSImageAnnotationView.m */,
				B20C8C7C1B3DDA0700958289 /* CSMapAnnotation.h */,
				B20C8C7D1B3DDA0700958289 /* CSMapAnnotation.m */,
				B20C8C751B3DD83200958289 /* CSRouteAnnotation.h */,
				B20C8C761B3DD83200958289 /* CSRouteAnnotation.m */,
				B20C8C771B3DD83200958289 /* CSRouteView.h */,
				B20C8C781B3DD83200958289 /* CSRouteView.m */,
			);
			name = "Route Lines";
			sourceTree = "<group>";
		};
		B5B418F1429813456E638151 /* Pods */ = {
			isa = PBXGroup;
			children = (
				0E265443D33F62DAD5EADEA4 /* Pods.debug.xcconfig */,
				BA3C52C486C8911CA9830DE3 /* Pods.release.xcconfig */,
			);
			name = Pods;
			sourceTree = "<group>";
		};
/* End PBXGroup section */

/* Begin PBXNativeTarget section */
		6C3C1E131B37227D008B39D0 /* SaratogaHistory */ = {
			isa = PBXNativeTarget;
			buildConfigurationList = 6C3C1E371B37227D008B39D0 /* Build configuration list for PBXNativeTarget "SaratogaHistory" */;
			buildPhases = (
				78DB5C582E4555AD43E7C417 /* Check Pods Manifest.lock */,
				6C3C1E101B37227D008B39D0 /* Sources */,
				6C3C1E111B37227D008B39D0 /* Frameworks */,
				6C3C1E121B37227D008B39D0 /* Resources */,
				4A458E90C5BAB7D80BEFC30C /* Copy Pods Resources */,
			);
			buildRules = (
			);
			dependencies = (
			);
			name = SaratogaHistory;
			productName = SaratogaHistory;
			productReference = 6C3C1E141B37227D008B39D0 /* SaratogaHistory.app */;
			productType = "com.apple.product-type.application";
		};
		6C3C1E2C1B37227D008B39D0 /* SaratogaHistoryTests */ = {
			isa = PBXNativeTarget;
			buildConfigurationList = 6C3C1E3A1B37227D008B39D0 /* Build configuration list for PBXNativeTarget "SaratogaHistoryTests" */;
			buildPhases = (
				6C3C1E291B37227D008B39D0 /* Sources */,
				6C3C1E2A1B37227D008B39D0 /* Frameworks */,
				6C3C1E2B1B37227D008B39D0 /* Resources */,
			);
			buildRules = (
			);
			dependencies = (
				6C3C1E2F1B37227D008B39D0 /* PBXTargetDependency */,
			);
			name = SaratogaHistoryTests;
			productName = SaratogaHistoryTests;
			productReference = 6C3C1E2D1B37227D008B39D0 /* SaratogaHistoryTests.xctest */;
			productType = "com.apple.product-type.bundle.unit-test";
		};
/* End PBXNativeTarget section */

/* Begin PBXProject section */
		6C3C1E0C1B37227D008B39D0 /* Project object */ = {
			isa = PBXProject;
			attributes = {
				LastUpgradeCheck = 0630;
				ORGANIZATIONNAME = "Spencer Yen";
				TargetAttributes = {
					6C3C1E131B37227D008B39D0 = {
						CreatedOnToolsVersion = 6.3.2;
					};
					6C3C1E2C1B37227D008B39D0 = {
						CreatedOnToolsVersion = 6.3.2;
						TestTargetID = 6C3C1E131B37227D008B39D0;
					};
				};
			};
			buildConfigurationList = 6C3C1E0F1B37227D008B39D0 /* Build configuration list for PBXProject "SaratogaHistory" */;
			compatibilityVersion = "Xcode 3.2";
			developmentRegion = English;
			hasScannedForEncodings = 0;
			knownRegions = (
				en,
				Base,
			);
			mainGroup = 6C3C1E0B1B37227D008B39D0;
			productRefGroup = 6C3C1E151B37227D008B39D0 /* Products */;
			projectDirPath = "";
			projectRoot = "";
			targets = (
				6C3C1E131B37227D008B39D0 /* SaratogaHistory */,
				6C3C1E2C1B37227D008B39D0 /* SaratogaHistoryTests */,
			);
		};
/* End PBXProject section */

/* Begin PBXResourcesBuildPhase section */
		6C3C1E121B37227D008B39D0 /* Resources */ = {
			isa = PBXResourcesBuildPhase;
			buildActionMask = 2147483647;
			files = (
				6C3C1E231B37227D008B39D0 /* Main.storyboard in Resources */,
				6CB0255A1B3DB5610099BFD4 /* SaratogaHistory2.jpg in Resources */,
				6CB025581B3DB5610099BFD4 /* playbutton.png in Resources */,
				4CC917FB1B375981002AAEAF /* I Need A Dollar.mp3 in Resources */,
				6CC660AD1B3D1B1E00D00AAF /* PlaceImages in Resources */,
				6C3C1E281B37227D008B39D0 /* LaunchScreen.xib in Resources */,
				6CB025571B3DB5610099BFD4 /* playBlack.png in Resources */,
				6CB025591B3DB5610099BFD4 /* previousBlack.png in Resources */,
				6CB025561B3DB5610099BFD4 /* pausebutton.png in Resources */,
				6CB025551B3DB5610099BFD4 /* pauseBlack.png in Resources */,
				6CB025541B3DB5610099BFD4 /* nextBlack.png in Resources */,
				6CB0255B1B3DB5610099BFD4 /* SaratogaHistoryImage.jpg in Resources */,
				6C3C1E251B37227D008B39D0 /* Images.xcassets in Resources */,
			);
			runOnlyForDeploymentPostprocessing = 0;
		};
		6C3C1E2B1B37227D008B39D0 /* Resources */ = {
			isa = PBXResourcesBuildPhase;
			buildActionMask = 2147483647;
			files = (
			);
			runOnlyForDeploymentPostprocessing = 0;
		};
/* End PBXResourcesBuildPhase section */

/* Begin PBXShellScriptBuildPhase section */
		4A458E90C5BAB7D80BEFC30C /* Copy Pods Resources */ = {
			isa = PBXShellScriptBuildPhase;
			buildActionMask = 2147483647;
			files = (
			);
			inputPaths = (
			);
			name = "Copy Pods Resources";
			outputPaths = (
			);
			runOnlyForDeploymentPostprocessing = 0;
			shellPath = /bin/sh;
			shellScript = "\"${SRCROOT}/Pods/Target Support Files/Pods/Pods-resources.sh\"\n";
			showEnvVarsInLog = 0;
		};
		78DB5C582E4555AD43E7C417 /* Check Pods Manifest.lock */ = {
			isa = PBXShellScriptBuildPhase;
			buildActionMask = 2147483647;
			files = (
			);
			inputPaths = (
			);
			name = "Check Pods Manifest.lock";
			outputPaths = (
			);
			runOnlyForDeploymentPostprocessing = 0;
			shellPath = /bin/sh;
			shellScript = "diff \"${PODS_ROOT}/../Podfile.lock\" \"${PODS_ROOT}/Manifest.lock\" > /dev/null\nif [[ $? != 0 ]] ; then\n    cat << EOM\nerror: The sandbox is not in sync with the Podfile.lock. Run 'pod install' or update your CocoaPods installation.\nEOM\n    exit 1\nfi\n";
			showEnvVarsInLog = 0;
		};
/* End PBXShellScriptBuildPhase section */

/* Begin PBXSourcesBuildPhase section */
		6C3C1E101B37227D008B39D0 /* Sources */ = {
			isa = PBXSourcesBuildPhase;
			buildActionMask = 2147483647;
			files = (
				B20C8C7A1B3DD83200958289 /* CSRouteView.m in Sources */,
				6CB025611B3DE3E00099BFD4 /* CSImageAnnotationView.m in Sources */,
				4CC9180E1B375C29002AAEAF /* Reachability.m in Sources */,
				4CC917F71B3742FF002AAEAF /* SHBaseViewController.m in Sources */,
				4CC917F91B3742FF002AAEAF /* SHTourViewController.m in Sources */,
				4C964F9C1B37343500F59E59 /* SYFullAudioPlayerView.m in Sources */,
				0A1FEA411B372B2C00AFB6A3 /* SHPlace.m in Sources */,
				4C964F941B37340B00F59E59 /* SHPlaceManager.m in Sources */,
				4C964F9B1B37343500F59E59 /* SYAudioPlayerView.m in Sources */,
				6C3C1E1D1B37227D008B39D0 /* AppDelegate.m in Sources */,
				B20C8C791B3DD83200958289 /* CSRouteAnnotation.m in Sources */,
				4CA24BF41B373E1200593941 /* SHImageScrollerView.m in Sources */,
				4C964F951B37340B00F59E59 /* UIView+AutoLayout.m in Sources */,
				4CC917F81B3742FF002AAEAF /* SHPlaceViewController.m in Sources */,
				6C3C1E1A1B37227D008B39D0 /* main.m in Sources */,
				B20C8C7E1B3DDA0700958289 /* CSMapAnnotation.m in Sources */,
			);
			runOnlyForDeploymentPostprocessing = 0;
		};
		6C3C1E291B37227D008B39D0 /* Sources */ = {
			isa = PBXSourcesBuildPhase;
			buildActionMask = 2147483647;
			files = (
				6C3C1E341B37227D008B39D0 /* SaratogaHistoryTests.m in Sources */,
			);
			runOnlyForDeploymentPostprocessing = 0;
		};
/* End PBXSourcesBuildPhase section */

/* Begin PBXTargetDependency section */
		6C3C1E2F1B37227D008B39D0 /* PBXTargetDependency */ = {
			isa = PBXTargetDependency;
			target = 6C3C1E131B37227D008B39D0 /* SaratogaHistory */;
			targetProxy = 6C3C1E2E1B37227D008B39D0 /* PBXContainerItemProxy */;
		};
/* End PBXTargetDependency section */

/* Begin PBXVariantGroup section */
		6C3C1E211B37227D008B39D0 /* Main.storyboard */ = {
			isa = PBXVariantGroup;
			children = (
				6C3C1E221B37227D008B39D0 /* Base */,
			);
			name = Main.storyboard;
			sourceTree = "<group>";
		};
		6C3C1E261B37227D008B39D0 /* LaunchScreen.xib */ = {
			isa = PBXVariantGroup;
			children = (
				6C3C1E271B37227D008B39D0 /* Base */,
			);
			name = LaunchScreen.xib;
			sourceTree = "<group>";
		};
/* End PBXVariantGroup section */

/* Begin XCBuildConfiguration section */
		6C3C1E351B37227D008B39D0 /* Debug */ = {
			isa = XCBuildConfiguration;
			buildSettings = {
				ALWAYS_SEARCH_USER_PATHS = NO;
				CLANG_CXX_LANGUAGE_STANDARD = "gnu++0x";
				CLANG_CXX_LIBRARY = "libc++";
				CLANG_ENABLE_MODULES = YES;
				CLANG_ENABLE_OBJC_ARC = YES;
				CLANG_WARN_BOOL_CONVERSION = YES;
				CLANG_WARN_CONSTANT_CONVERSION = YES;
				CLANG_WARN_DIRECT_OBJC_ISA_USAGE = YES_ERROR;
				CLANG_WARN_EMPTY_BODY = YES;
				CLANG_WARN_ENUM_CONVERSION = YES;
				CLANG_WARN_INT_CONVERSION = YES;
				CLANG_WARN_OBJC_ROOT_CLASS = YES_ERROR;
				CLANG_WARN_UNREACHABLE_CODE = YES;
				CLANG_WARN__DUPLICATE_METHOD_MATCH = YES;
				"CODE_SIGN_IDENTITY[sdk=iphoneos*]" = "iPhone Developer";
				COPY_PHASE_STRIP = NO;
				DEBUG_INFORMATION_FORMAT = "dwarf-with-dsym";
				ENABLE_STRICT_OBJC_MSGSEND = YES;
				GCC_C_LANGUAGE_STANDARD = gnu99;
				GCC_DYNAMIC_NO_PIC = NO;
				GCC_NO_COMMON_BLOCKS = YES;
				GCC_OPTIMIZATION_LEVEL = 0;
				GCC_PREPROCESSOR_DEFINITIONS = (
					"DEBUG=1",
					"$(inherited)",
				);
				GCC_SYMBOLS_PRIVATE_EXTERN = NO;
				GCC_WARN_64_TO_32_BIT_CONVERSION = YES;
				GCC_WARN_ABOUT_RETURN_TYPE = YES_ERROR;
				GCC_WARN_UNDECLARED_SELECTOR = YES;
				GCC_WARN_UNINITIALIZED_AUTOS = YES_AGGRESSIVE;
				GCC_WARN_UNUSED_FUNCTION = YES;
				GCC_WARN_UNUSED_VARIABLE = YES;
				IPHONEOS_DEPLOYMENT_TARGET = 8.3;
				MTL_ENABLE_DEBUG_INFO = YES;
				ONLY_ACTIVE_ARCH = YES;
				SDKROOT = iphoneos;
			};
			name = Debug;
		};
		6C3C1E361B37227D008B39D0 /* Release */ = {
			isa = XCBuildConfiguration;
			buildSettings = {
				ALWAYS_SEARCH_USER_PATHS = NO;
				CLANG_CXX_LANGUAGE_STANDARD = "gnu++0x";
				CLANG_CXX_LIBRARY = "libc++";
				CLANG_ENABLE_MODULES = YES;
				CLANG_ENABLE_OBJC_ARC = YES;
				CLANG_WARN_BOOL_CONVERSION = YES;
				CLANG_WARN_CONSTANT_CONVERSION = YES;
				CLANG_WARN_DIRECT_OBJC_ISA_USAGE = YES_ERROR;
				CLANG_WARN_EMPTY_BODY = YES;
				CLANG_WARN_ENUM_CONVERSION = YES;
				CLANG_WARN_INT_CONVERSION = YES;
				CLANG_WARN_OBJC_ROOT_CLASS = YES_ERROR;
				CLANG_WARN_UNREACHABLE_CODE = YES;
				CLANG_WARN__DUPLICATE_METHOD_MATCH = YES;
				"CODE_SIGN_IDENTITY[sdk=iphoneos*]" = "iPhone Developer";
				COPY_PHASE_STRIP = NO;
				DEBUG_INFORMATION_FORMAT = "dwarf-with-dsym";
				ENABLE_NS_ASSERTIONS = NO;
				ENABLE_STRICT_OBJC_MSGSEND = YES;
				GCC_C_LANGUAGE_STANDARD = gnu99;
				GCC_NO_COMMON_BLOCKS = YES;
				GCC_WARN_64_TO_32_BIT_CONVERSION = YES;
				GCC_WARN_ABOUT_RETURN_TYPE = YES_ERROR;
				GCC_WARN_UNDECLARED_SELECTOR = YES;
				GCC_WARN_UNINITIALIZED_AUTOS = YES_AGGRESSIVE;
				GCC_WARN_UNUSED_FUNCTION = YES;
				GCC_WARN_UNUSED_VARIABLE = YES;
				IPHONEOS_DEPLOYMENT_TARGET = 8.3;
				MTL_ENABLE_DEBUG_INFO = NO;
				SDKROOT = iphoneos;
				VALIDATE_PRODUCT = YES;
			};
			name = Release;
		};
		6C3C1E381B37227D008B39D0 /* Debug */ = {
			isa = XCBuildConfiguration;
			baseConfigurationReference = 0E265443D33F62DAD5EADEA4 /* Pods.debug.xcconfig */;
			buildSettings = {
				ASSETCATALOG_COMPILER_APPICON_NAME = AppIcon;
				CODE_SIGN_IDENTITY = "iPhone Developer";
				INFOPLIST_FILE = SaratogaHistory/Info.plist;
				IPHONEOS_DEPLOYMENT_TARGET = 7.0;
				LD_RUNPATH_SEARCH_PATHS = "$(inherited) @executable_path/Frameworks";
				PRODUCT_NAME = "$(TARGET_NAME)";
				TARGETED_DEVICE_FAMILY = "1,2";
			};
			name = Debug;
		};
		6C3C1E391B37227D008B39D0 /* Release */ = {
			isa = XCBuildConfiguration;
			baseConfigurationReference = BA3C52C486C8911CA9830DE3 /* Pods.release.xcconfig */;
			buildSettings = {
				ASSETCATALOG_COMPILER_APPICON_NAME = AppIcon;
				CODE_SIGN_IDENTITY = "iPhone Developer";
				INFOPLIST_FILE = SaratogaHistory/Info.plist;
				IPHONEOS_DEPLOYMENT_TARGET = 7.0;
				LD_RUNPATH_SEARCH_PATHS = "$(inherited) @executable_path/Frameworks";
				PRODUCT_NAME = "$(TARGET_NAME)";
				TARGETED_DEVICE_FAMILY = "1,2";
			};
			name = Release;
		};
		6C3C1E3B1B37227D008B39D0 /* Debug */ = {
			isa = XCBuildConfiguration;
			buildSettings = {
				BUNDLE_LOADER = "$(TEST_HOST)";
				FRAMEWORK_SEARCH_PATHS = (
					"$(SDKROOT)/Developer/Library/Frameworks",
					"$(inherited)",
				);
				GCC_PREPROCESSOR_DEFINITIONS = (
					"DEBUG=1",
					"$(inherited)",
				);
				INFOPLIST_FILE = SaratogaHistoryTests/Info.plist;
				LD_RUNPATH_SEARCH_PATHS = "$(inherited) @executable_path/Frameworks @loader_path/Frameworks";
				PRODUCT_NAME = "$(TARGET_NAME)";
				TEST_HOST = "$(BUILT_PRODUCTS_DIR)/SaratogaHistory.app/SaratogaHistory";
			};
			name = Debug;
		};
		6C3C1E3C1B37227D008B39D0 /* Release */ = {
			isa = XCBuildConfiguration;
			buildSettings = {
				BUNDLE_LOADER = "$(TEST_HOST)";
				FRAMEWORK_SEARCH_PATHS = (
					"$(SDKROOT)/Developer/Library/Frameworks",
					"$(inherited)",
				);
				INFOPLIST_FILE = SaratogaHistoryTests/Info.plist;
				LD_RUNPATH_SEARCH_PATHS = "$(inherited) @executable_path/Frameworks @loader_path/Frameworks";
				PRODUCT_NAME = "$(TARGET_NAME)";
				TEST_HOST = "$(BUILT_PRODUCTS_DIR)/SaratogaHistory.app/SaratogaHistory";
			};
			name = Release;
		};
/* End XCBuildConfiguration section */

/* Begin XCConfigurationList section */
		6C3C1E0F1B37227D008B39D0 /* Build configuration list for PBXProject "SaratogaHistory" */ = {
			isa = XCConfigurationList;
			buildConfigurations = (
				6C3C1E351B37227D008B39D0 /* Debug */,
				6C3C1E361B37227D008B39D0 /* Release */,
			);
			defaultConfigurationIsVisible = 0;
			defaultConfigurationName = Release;
		};
		6C3C1E371B37227D008B39D0 /* Build configuration list for PBXNativeTarget "SaratogaHistory" */ = {
			isa = XCConfigurationList;
			buildConfigurations = (
				6C3C1E381B37227D008B39D0 /* Debug */,
				6C3C1E391B37227D008B39D0 /* Release */,
			);
			defaultConfigurationIsVisible = 0;
			defaultConfigurationName = Release;
		};
		6C3C1E3A1B37227D008B39D0 /* Build configuration list for PBXNativeTarget "SaratogaHistoryTests" */ = {
			isa = XCConfigurationList;
			buildConfigurations = (
				6C3C1E3B1B37227D008B39D0 /* Debug */,
				6C3C1E3C1B37227D008B39D0 /* Release */,
			);
			defaultConfigurationIsVisible = 0;
			defaultConfigurationName = Release;
		};
/* End XCConfigurationList section */
	};
	rootObject = 6C3C1E0C1B37227D008B39D0 /* Project object */;
}
