// !$*UTF8*$!
{
	archiveVersion = 1;
	classes = {
	};
	objectVersion = 46;
	objects = {

/* Begin PBXBuildFile section */
		0A1FEA411B372B2C00AFB6A3 /* SHPlace.m in Sources */ = {isa = PBXBuildFile; fileRef = 0A1FEA401B372B2C00AFB6A3 /* SHPlace.m */; };
		4C964F941B37340B00F59E59 /* SHPlaceManager.m in Sources */ = {isa = PBXBuildFile; fileRef = 4C964F911B37340B00F59E59 /* SHPlaceManager.m */; };
		4C964F951B37340B00F59E59 /* UIView+AutoLayout.m in Sources */ = {isa = PBXBuildFile; fileRef = 4C964F931B37340B00F59E59 /* UIView+AutoLayout.m */; };
		4C964F9B1B37343500F59E59 /* SYAudioPlayerView.m in Sources */ = {isa = PBXBuildFile; fileRef = 4C964F981B37343500F59E59 /* SYAudioPlayerView.m */; };
		4C964F9C1B37343500F59E59 /* SYFullAudioPlayerView.m in Sources */ = {isa = PBXBuildFile; fileRef = 4C964F9A1B37343500F59E59 /* SYFullAudioPlayerView.m */; };
		4CA24BF41B373E1200593941 /* SHImageScrollerView.m in Sources */ = {isa = PBXBuildFile; fileRef = 4CA24BF31B373E1200593941 /* SHImageScrollerView.m */; };
		4CC917F71B3742FF002AAEAF /* SHBaseViewController.m in Sources */ = {isa = PBXBuildFile; fileRef = 4CC917F21B3742FF002AAEAF /* SHBaseViewController.m */; };
		4CC917F81B3742FF002AAEAF /* SHPlaceViewController.m in Sources */ = {isa = PBXBuildFile; fileRef = 4CC917F41B3742FF002AAEAF /* SHPlaceViewController.m */; };
		4CC917F91B3742FF002AAEAF /* SHTourViewController.m in Sources */ = {isa = PBXBuildFile; fileRef = 4CC917F61B3742FF002AAEAF /* SHTourViewController.m */; };
		4CC917FB1B375981002AAEAF /* I Need A Dollar.mp3 in Resources */ = {isa = PBXBuildFile; fileRef = 4CC917FA1B375981002AAEAF /* I Need A Dollar.mp3 */; };
		4CC918031B3759DA002AAEAF /* nextBlack.png in Resources */ = {isa = PBXBuildFile; fileRef = 4CC917FD1B3759DA002AAEAF /* nextBlack.png */; };
		4CC918041B3759DA002AAEAF /* pauseBlack.png in Resources */ = {isa = PBXBuildFile; fileRef = 4CC917FE1B3759DA002AAEAF /* pauseBlack.png */; };
		4CC918051B3759DA002AAEAF /* playBlack.png in Resources */ = {isa = PBXBuildFile; fileRef = 4CC917FF1B3759DA002AAEAF /* playBlack.png */; };
		4CC918061B3759DA002AAEAF /* previousBlack.png in Resources */ = {isa = PBXBuildFile; fileRef = 4CC918001B3759DA002AAEAF /* previousBlack.png */; };
		4CC918071B3759DA002AAEAF /* SaratogaHistory2.jpg in Resources */ = {isa = PBXBuildFile; fileRef = 4CC918011B3759DA002AAEAF /* SaratogaHistory2.jpg */; };
		4CC918081B3759DA002AAEAF /* SaratogaHistoryImage.jpg in Resources */ = {isa = PBXBuildFile; fileRef = 4CC918021B3759DA002AAEAF /* SaratogaHistoryImage.jpg */; };
		4CC9180E1B375C29002AAEAF /* Reachability.m in Sources */ = {isa = PBXBuildFile; fileRef = 4CC9180D1B375C29002AAEAF /* Reachability.m */; };
		4CC918111B39D6B5002AAEAF /* SHMoreViewController.m in Sources */ = {isa = PBXBuildFile; fileRef = 4CC918101B39D6B5002AAEAF /* SHMoreViewController.m */; };
		4CC919791B3B69FC002AAEAF /* Museum_6.JPG in Resources */ = {isa = PBXBuildFile; fileRef = 4CC918FA1B3B69FC002AAEAF /* Museum_6.JPG */; };
		4CC9197A1B3B69FC002AAEAF /* Museum_7.JPG in Resources */ = {isa = PBXBuildFile; fileRef = 4CC918FB1B3B69FC002AAEAF /* Museum_7.JPG */; };
		4CC9197B1B3B69FC002AAEAF /* Museum_8.JPG in Resources */ = {isa = PBXBuildFile; fileRef = 4CC918FC1B3B69FC002AAEAF /* Museum_8.JPG */; };
		4CC9197C1B3B69FC002AAEAF /* Museum_9.JPG in Resources */ = {isa = PBXBuildFile; fileRef = 4CC918FD1B3B69FC002AAEAF /* Museum_9.JPG */; };
		4CC9197D1B3B69FC002AAEAF /* SaratogaHistoryMuseum_1.JPG in Resources */ = {isa = PBXBuildFile; fileRef = 4CC918FE1B3B69FC002AAEAF /* SaratogaHistoryMuseum_1.JPG */; };
		4CC9197E1B3B69FC002AAEAF /* SaratogaHistoryMuseum_2.JPG in Resources */ = {isa = PBXBuildFile; fileRef = 4CC918FF1B3B69FC002AAEAF /* SaratogaHistoryMuseum_2.JPG */; };
		4CC9197F1B3B69FC002AAEAF /* SaratogaHistoryMuseum_3.JPG in Resources */ = {isa = PBXBuildFile; fileRef = 4CC919001B3B69FC002AAEAF /* SaratogaHistoryMuseum_3.JPG */; };
		4CC919801B3B69FC002AAEAF /* SaratogaHistoryMuseum_4.JPG in Resources */ = {isa = PBXBuildFile; fileRef = 4CC919011B3B69FC002AAEAF /* SaratogaHistoryMuseum_4.JPG */; };
		4CC919811B3B69FC002AAEAF /* SaratogaHistoryMuseum_5.JPG in Resources */ = {isa = PBXBuildFile; fileRef = 4CC919021B3B69FC002AAEAF /* SaratogaHistoryMuseum_5.JPG */; };
		4CC919821B3B69FC002AAEAF /* Cementary_1.JPG in Resources */ = {isa = PBXBuildFile; fileRef = 4CC919041B3B69FC002AAEAF /* Cementary_1.JPG */; };
		4CC919831B3B69FC002AAEAF /* Cementary_2.JPG in Resources */ = {isa = PBXBuildFile; fileRef = 4CC919051B3B69FC002AAEAF /* Cementary_2.JPG */; };
		4CC919841B3B69FC002AAEAF /* Cementary_3(2).JPG in Resources */ = {isa = PBXBuildFile; fileRef = 4CC919061B3B69FC002AAEAF /* Cementary_3(2).JPG */; };
		4CC919851B3B69FC002AAEAF /* Cementary_3.JPG in Resources */ = {isa = PBXBuildFile; fileRef = 4CC919071B3B69FC002AAEAF /* Cementary_3.JPG */; };
		4CC919861B3B69FC002AAEAF /* Cementary_4.JPG in Resources */ = {isa = PBXBuildFile; fileRef = 4CC919081B3B69FC002AAEAF /* Cementary_4.JPG */; };
		4CC919871B3B69FC002AAEAF /* Cementary_5.JPG in Resources */ = {isa = PBXBuildFile; fileRef = 4CC919091B3B69FC002AAEAF /* Cementary_5.JPG */; };
		4CC919881B3B69FC002AAEAF /* Cementary_6.JPG in Resources */ = {isa = PBXBuildFile; fileRef = 4CC9190A1B3B69FC002AAEAF /* Cementary_6.JPG */; };
		4CC919891B3B69FC002AAEAF /* Cementary_7.JPG in Resources */ = {isa = PBXBuildFile; fileRef = 4CC9190B1B3B69FC002AAEAF /* Cementary_7.JPG */; };
		4CC9198A1B3B69FC002AAEAF /* Cementary_8.JPG in Resources */ = {isa = PBXBuildFile; fileRef = 4CC9190C1B3B69FC002AAEAF /* Cementary_8.JPG */; };
		4CC9198B1B3B69FC002AAEAF /* Cementary_9.JPG in Resources */ = {isa = PBXBuildFile; fileRef = 4CC9190D1B3B69FC002AAEAF /* Cementary_9.JPG */; };
		4CC9198C1B3B69FC002AAEAF /* NardieHouse_1.JPG in Resources */ = {isa = PBXBuildFile; fileRef = 4CC9190F1B3B69FC002AAEAF /* NardieHouse_1.JPG */; };
		4CC9198D1B3B69FC002AAEAF /* JohnHenryHouse_1.JPG in Resources */ = {isa = PBXBuildFile; fileRef = 4CC919111B3B69FC002AAEAF /* JohnHenryHouse_1.JPG */; };
		4CC9198E1B3B69FC002AAEAF /* JohnHenryHouse_2.JPG in Resources */ = {isa = PBXBuildFile; fileRef = 4CC919121B3B69FC002AAEAF /* JohnHenryHouse_2.JPG */; };
		4CC9198F1B3B69FC002AAEAF /* PettisLiveryStable_1.JPG in Resources */ = {isa = PBXBuildFile; fileRef = 4CC919141B3B69FC002AAEAF /* PettisLiveryStable_1.JPG */; };
		4CC919901B3B69FC002AAEAF /* PettisLiveryStable_2.JPG in Resources */ = {isa = PBXBuildFile; fileRef = 4CC919151B3B69FC002AAEAF /* PettisLiveryStable_2.JPG */; };
		4CC919911B3B69FC002AAEAF /* ErwinKingHouse_1.JPG in Resources */ = {isa = PBXBuildFile; fileRef = 4CC919171B3B69FC002AAEAF /* ErwinKingHouse_1.JPG */; };
		4CC919921B3B69FC002AAEAF /* ErwinKingHouse_2.JPG in Resources */ = {isa = PBXBuildFile; fileRef = 4CC919181B3B69FC002AAEAF /* ErwinKingHouse_2.JPG */; };
		4CC919931B3B69FC002AAEAF /* ErwinKingHouse_3.JPG in Resources */ = {isa = PBXBuildFile; fileRef = 4CC919191B3B69FC002AAEAF /* ErwinKingHouse_3.JPG */; };
		4CC919941B3B69FC002AAEAF /* ErwinKingHouse_4.JPG in Resources */ = {isa = PBXBuildFile; fileRef = 4CC9191A1B3B69FC002AAEAF /* ErwinKingHouse_4.JPG */; };
		4CC919951B3B69FC002AAEAF /* GroverHouse_1(2).JPG in Resources */ = {isa = PBXBuildFile; fileRef = 4CC9191C1B3B69FC002AAEAF /* GroverHouse_1(2).JPG */; };
		4CC919961B3B69FC002AAEAF /* GroverHouse_1.JPG in Resources */ = {isa = PBXBuildFile; fileRef = 4CC9191D1B3B69FC002AAEAF /* GroverHouse_1.JPG */; };
		4CC919971B3B69FC002AAEAF /* GroverHouse_2.JPG in Resources */ = {isa = PBXBuildFile; fileRef = 4CC9191E1B3B69FC002AAEAF /* GroverHouse_2.JPG */; };
		4CC919981B3B69FC002AAEAF /* GreenStoreBuilding-KocherBuilding_1.JPG in Resources */ = {isa = PBXBuildFile; fileRef = 4CC919201B3B69FC002AAEAF /* GreenStoreBuilding-KocherBuilding_1.JPG */; };
		4CC919991B3B69FC002AAEAF /* GreenStoreBuilding-KocherBuilding_3.JPG in Resources */ = {isa = PBXBuildFile; fileRef = 4CC919211B3B69FC002AAEAF /* GreenStoreBuilding-KocherBuilding_3.JPG */; };
		4CC9199A1B3B69FC002AAEAF /* SamuelCloud'sHouse_1.JPG in Resources */ = {isa = PBXBuildFile; fileRef = 4CC919231B3B69FC002AAEAF /* SamuelCloud'sHouse_1.JPG */; };
		4CC9199B1B3B69FC002AAEAF /* SamuelCloud'sHouse_2.JPG in Resources */ = {isa = PBXBuildFile; fileRef = 4CC919241B3B69FC002AAEAF /* SamuelCloud'sHouse_2.JPG */; };
		4CC9199C1B3B69FC002AAEAF /* SamuelCloud'sHouse_3.JPG in Resources */ = {isa = PBXBuildFile; fileRef = 4CC919251B3B69FC002AAEAF /* SamuelCloud'sHouse_3.JPG */; };
		4CC9199D1B3B69FC002AAEAF /* SamCloud'sHayandFeedWarehouse_1.JPG in Resources */ = {isa = PBXBuildFile; fileRef = 4CC919271B3B69FC002AAEAF /* SamCloud'sHayandFeedWarehouse_1.JPG */; };
		4CC9199E1B3B69FC002AAEAF /* SamCloud'sHayandFeedWarehouse_2.JPG in Resources */ = {isa = PBXBuildFile; fileRef = 4CC919281B3B69FC002AAEAF /* SamCloud'sHayandFeedWarehouse_2.JPG */; };
		4CC9199F1B3B69FC002AAEAF /* SamCloud'sHayandFeedWarehouse_3.JPG in Resources */ = {isa = PBXBuildFile; fileRef = 4CC919291B3B69FC002AAEAF /* SamCloud'sHayandFeedWarehouse_3.JPG */; };
		4CC919A01B3B69FC002AAEAF /* McCarty'sTollGate_1.JPG in Resources */ = {isa = PBXBuildFile; fileRef = 4CC9192B1B3B69FC002AAEAF /* McCarty'sTollGate_1.JPG */; };
		4CC919A11B3B69FC002AAEAF /* McWilliam'sHouse_1.JPG in Resources */ = {isa = PBXBuildFile; fileRef = 4CC9192D1B3B69FC002AAEAF /* McWilliam'sHouse_1.JPG */; };
		4CC919A21B3B69FC002AAEAF /* McWilliam'sHouse_2.JPG in Resources */ = {isa = PBXBuildFile; fileRef = 4CC9192E1B3B69FC002AAEAF /* McWilliam'sHouse_2.JPG */; };
		4CC919A31B3B69FC002AAEAF /* McWilliamsHouse_3.JPG in Resources */ = {isa = PBXBuildFile; fileRef = 4CC9192F1B3B69FC002AAEAF /* McWilliamsHouse_3.JPG */; };
		4CC919A41B3B69FC002AAEAF /* McWilliamsHouse_4.JPG in Resources */ = {isa = PBXBuildFile; fileRef = 4CC919301B3B69FC002AAEAF /* McWilliamsHouse_4.JPG */; };
		4CC919A51B3B69FC002AAEAF /* McWilliamsHouse_5.JPG in Resources */ = {isa = PBXBuildFile; fileRef = 4CC919311B3B69FC002AAEAF /* McWilliamsHouse_5.JPG */; };
		4CC919A61B3B69FC002AAEAF /* SamuelCloud'sHouse_4.JPG in Resources */ = {isa = PBXBuildFile; fileRef = 4CC919331B3B69FC002AAEAF /* SamuelCloud'sHouse_4.JPG */; };
		4CC919A71B3B69FC002AAEAF /* Bank_1.JPG in Resources */ = {isa = PBXBuildFile; fileRef = 4CC919351B3B69FC002AAEAF /* Bank_1.JPG */; };
		4CC919A81B3B69FC002AAEAF /* Bank_2.JPG in Resources */ = {isa = PBXBuildFile; fileRef = 4CC919361B3B69FC002AAEAF /* Bank_2.JPG */; };
		4CC919A91B3B69FC002AAEAF /* Bank_3.JPG in Resources */ = {isa = PBXBuildFile; fileRef = 4CC919371B3B69FC002AAEAF /* Bank_3.JPG */; };
		4CC919AA1B3B69FC002AAEAF /* Bank_4.JPG in Resources */ = {isa = PBXBuildFile; fileRef = 4CC919381B3B69FC002AAEAF /* Bank_4.JPG */; };
		4CC919AB1B3B69FC002AAEAF /* Bank_5.JPG in Resources */ = {isa = PBXBuildFile; fileRef = 4CC919391B3B69FC002AAEAF /* Bank_5.JPG */; };
		4CC919AC1B3B69FC002AAEAF /* Bank_6.JPG in Resources */ = {isa = PBXBuildFile; fileRef = 4CC9193A1B3B69FC002AAEAF /* Bank_6.JPG */; };
		4CC919AD1B3B69FC002AAEAF /* MemorialArch_1(2).JPG in Resources */ = {isa = PBXBuildFile; fileRef = 4CC9193C1B3B69FC002AAEAF /* MemorialArch_1(2).JPG */; };
		4CC919AE1B3B69FC002AAEAF /* MemorialArch_1.JPG in Resources */ = {isa = PBXBuildFile; fileRef = 4CC9193D1B3B69FC002AAEAF /* MemorialArch_1.JPG */; };
		4CC919AF1B3B69FC002AAEAF /* Firebell_1.JPG in Resources */ = {isa = PBXBuildFile; fileRef = 4CC9193F1B3B69FC002AAEAF /* Firebell_1.JPG */; };
		4CC919B01B3B69FC002AAEAF /* Firebell_2.JPG in Resources */ = {isa = PBXBuildFile; fileRef = 4CC919401B3B69FC002AAEAF /* Firebell_2.JPG */; };
		4CC919B11B3B69FC002AAEAF /* MethodistEpiscopalChurch_1(2).JPG in Resources */ = {isa = PBXBuildFile; fileRef = 4CC919421B3B69FC002AAEAF /* MethodistEpiscopalChurch_1(2).JPG */; };
		4CC919B21B3B69FC002AAEAF /* MethodistEpiscopalChurch_1.JPG in Resources */ = {isa = PBXBuildFile; fileRef = 4CC919431B3B69FC002AAEAF /* MethodistEpiscopalChurch_1.JPG */; };
		4CC919B31B3B69FC002AAEAF /* MethodistEpiscopalChurch_2.JPG in Resources */ = {isa = PBXBuildFile; fileRef = 4CC919441B3B69FC002AAEAF /* MethodistEpiscopalChurch_2.JPG */; };
		4CC919B41B3B69FC002AAEAF /* SaratogaFederatedChurch_1.JPG in Resources */ = {isa = PBXBuildFile; fileRef = 4CC919461B3B69FC002AAEAF /* SaratogaFederatedChurch_1.JPG */; };
		4CC919B51B3B69FC002AAEAF /* SaratogaFederatedChurch_2.JPG in Resources */ = {isa = PBXBuildFile; fileRef = 4CC919471B3B69FC002AAEAF /* SaratogaFederatedChurch_2.JPG */; };
		4CC919B61B3B69FC002AAEAF /* SaratogaFederatedChurch_3.JPG in Resources */ = {isa = PBXBuildFile; fileRef = 4CC919481B3B69FC002AAEAF /* SaratogaFederatedChurch_3.JPG */; };
		4CC919B71B3B69FC002AAEAF /* FoothillClub_1(2).JPG in Resources */ = {isa = PBXBuildFile; fileRef = 4CC9194A1B3B69FC002AAEAF /* FoothillClub_1(2).JPG */; };
		4CC919B81B3B69FC002AAEAF /* FoothillClub_1.JPG in Resources */ = {isa = PBXBuildFile; fileRef = 4CC9194B1B3B69FC002AAEAF /* FoothillClub_1.JPG */; };
		4CC919B91B3B69FC002AAEAF /* FoothillClub_2(2).JPG in Resources */ = {isa = PBXBuildFile; fileRef = 4CC9194C1B3B69FC002AAEAF /* FoothillClub_2(2).JPG */; };
		4CC919BA1B3B69FC002AAEAF /* FoothillClub_2.JPG in Resources */ = {isa = PBXBuildFile; fileRef = 4CC9194D1B3B69FC002AAEAF /* FoothillClub_2.JPG */; };
		4CC919BB1B3B69FC002AAEAF /* FoothillClub_3.JPG in Resources */ = {isa = PBXBuildFile; fileRef = 4CC9194E1B3B69FC002AAEAF /* FoothillClub_3.JPG */; };
		4CC919BC1B3B69FC002AAEAF /* VillageLibrary_1.JPG in Resources */ = {isa = PBXBuildFile; fileRef = 4CC919501B3B69FC002AAEAF /* VillageLibrary_1.JPG */; };
		4CC919BD1B3B69FC002AAEAF /* Lunblad'sLodge_1.JPG in Resources */ = {isa = PBXBuildFile; fileRef = 4CC919521B3B69FC002AAEAF /* Lunblad'sLodge_1.JPG */; };
		4CC919BE1B3B69FC002AAEAF /* Lundblad'sLodge_2.JPG in Resources */ = {isa = PBXBuildFile; fileRef = 4CC919531B3B69FC002AAEAF /* Lundblad'sLodge_2.JPG */; };
		4CC919BF1B3B69FC002AAEAF /* Lundblad'sLodge_3.JPG in Resources */ = {isa = PBXBuildFile; fileRef = 4CC919541B3B69FC002AAEAF /* Lundblad'sLodge_3.JPG */; };
		4CC919C01B3B69FC002AAEAF /* SaratogaSchool_1.JPG in Resources */ = {isa = PBXBuildFile; fileRef = 4CC919561B3B69FC002AAEAF /* SaratogaSchool_1.JPG */; };
		4CC919C11B3B69FC002AAEAF /* SaratogaSchool_2.JPG in Resources */ = {isa = PBXBuildFile; fileRef = 4CC919571B3B69FC002AAEAF /* SaratogaSchool_2.JPG */; };
		4CC919C21B3B69FC002AAEAF /* SaratogaSchool_3.JPG in Resources */ = {isa = PBXBuildFile; fileRef = 4CC919581B3B69FC002AAEAF /* SaratogaSchool_3.JPG */; };
		4CC919C31B3B69FC002AAEAF /* ChurchParsonage_1.JPG in Resources */ = {isa = PBXBuildFile; fileRef = 4CC9195A1B3B69FC002AAEAF /* ChurchParsonage_1.JPG */; };
		4CC919C41B3B69FC002AAEAF /* WilliamFKing_6.JPG in Resources */ = {isa = PBXBuildFile; fileRef = 4CC9195C1B3B69FC002AAEAF /* WilliamFKing_6.JPG */; };
		4CC919C51B3B69FC002AAEAF /* WilliamFKingHouse_1.JPG in Resources */ = {isa = PBXBuildFile; fileRef = 4CC9195D1B3B69FC002AAEAF /* WilliamFKingHouse_1.JPG */; };
		4CC919C61B3B69FC002AAEAF /* WilliamFKingHouse_10.JPG in Resources */ = {isa = PBXBuildFile; fileRef = 4CC9195E1B3B69FC002AAEAF /* WilliamFKingHouse_10.JPG */; };
		4CC919C71B3B69FC002AAEAF /* WilliamFKingHouse_3.JPG in Resources */ = {isa = PBXBuildFile; fileRef = 4CC9195F1B3B69FC002AAEAF /* WilliamFKingHouse_3.JPG */; };
		4CC919C81B3B69FC002AAEAF /* WilliamFKingHouse_5.JPG in Resources */ = {isa = PBXBuildFile; fileRef = 4CC919601B3B69FC002AAEAF /* WilliamFKingHouse_5.JPG */; };
		4CC919C91B3B69FC002AAEAF /* WilliamFKingHouse_7.JPG in Resources */ = {isa = PBXBuildFile; fileRef = 4CC919611B3B69FC002AAEAF /* WilliamFKingHouse_7.JPG */; };
		4CC919CA1B3B69FC002AAEAF /* WilliamFkingHouse_8.JPG in Resources */ = {isa = PBXBuildFile; fileRef = 4CC919621B3B69FC002AAEAF /* WilliamFkingHouse_8.JPG */; };
		4CC919CB1B3B69FC002AAEAF /* WilliamFKingHouse_9.JPG in Resources */ = {isa = PBXBuildFile; fileRef = 4CC919631B3B69FC002AAEAF /* WilliamFKingHouse_9.JPG */; };
		4CC919CC1B3B69FC002AAEAF /* MissionarySettlement_3.JPG in Resources */ = {isa = PBXBuildFile; fileRef = 4CC919651B3B69FC002AAEAF /* MissionarySettlement_3.JPG */; };
		4CC919CD1B3B69FC002AAEAF /* MissionarySettlement_4.JPG in Resources */ = {isa = PBXBuildFile; fileRef = 4CC919661B3B69FC002AAEAF /* MissionarySettlement_4.JPG */; };
		4CC919CE1B3B69FC002AAEAF /* MissionarySettlement_5.JPG in Resources */ = {isa = PBXBuildFile; fileRef = 4CC919671B3B69FC002AAEAF /* MissionarySettlement_5.JPG */; };
		4CC919CF1B3B69FC002AAEAF /* MissionarySettlementHouse_1.JPG in Resources */ = {isa = PBXBuildFile; fileRef = 4CC919681B3B69FC002AAEAF /* MissionarySettlementHouse_1.JPG */; };
		4CC919D01B3B69FC002AAEAF /* MissionarySettlementHouse_2.JPG in Resources */ = {isa = PBXBuildFile; fileRef = 4CC919691B3B69FC002AAEAF /* MissionarySettlementHouse_2.JPG */; };
		4CC919D11B3B69FC002AAEAF /* VanArsdaleHouse_1.JPG in Resources */ = {isa = PBXBuildFile; fileRef = 4CC9196B1B3B69FC002AAEAF /* VanArsdaleHouse_1.JPG */; };
		4CC919D21B3B69FC002AAEAF /* VanArsdaleHouse_2.JPG in Resources */ = {isa = PBXBuildFile; fileRef = 4CC9196C1B3B69FC002AAEAF /* VanArsdaleHouse_2.JPG */; };
		4CC919D31B3B69FC002AAEAF /* VanArsdaleHouse_3.JPG in Resources */ = {isa = PBXBuildFile; fileRef = 4CC9196D1B3B69FC002AAEAF /* VanArsdaleHouse_3.JPG */; };
		4CC919D41B3B69FC002AAEAF /* VanArsdaleHouse_4.JPG in Resources */ = {isa = PBXBuildFile; fileRef = 4CC9196E1B3B69FC002AAEAF /* VanArsdaleHouse_4.JPG */; };
		4CC919D51B3B69FC002AAEAF /* Car_1.JPG in Resources */ = {isa = PBXBuildFile; fileRef = 4CC919701B3B69FC002AAEAF /* Car_1.JPG */; };
		4CC919D61B3B69FC002AAEAF /* Car_2.JPG in Resources */ = {isa = PBXBuildFile; fileRef = 4CC919711B3B69FC002AAEAF /* Car_2.JPG */; };
		4CC919D71B3B69FC002AAEAF /* Car_3.JPG in Resources */ = {isa = PBXBuildFile; fileRef = 4CC919721B3B69FC002AAEAF /* Car_3.JPG */; };
		4CC919D81B3B69FC002AAEAF /* historicsign.JPG in Resources */ = {isa = PBXBuildFile; fileRef = 4CC919731B3B69FC002AAEAF /* historicsign.JPG */; };
		4CC919D91B3B69FC002AAEAF /* Plaque.JPG in Resources */ = {isa = PBXBuildFile; fileRef = 4CC919741B3B69FC002AAEAF /* Plaque.JPG */; };
		4CC919DA1B3B69FC002AAEAF /* SaratogaVillage_1(2).JPG in Resources */ = {isa = PBXBuildFile; fileRef = 4CC919751B3B69FC002AAEAF /* SaratogaVillage_1(2).JPG */; };
		4CC919DB1B3B69FC002AAEAF /* SaratogaVillage_1.JPG in Resources */ = {isa = PBXBuildFile; fileRef = 4CC919761B3B69FC002AAEAF /* SaratogaVillage_1.JPG */; };
		4CC919DC1B3B69FC002AAEAF /* SaratogaVillage_2.JPG in Resources */ = {isa = PBXBuildFile; fileRef = 4CC919771B3B69FC002AAEAF /* SaratogaVillage_2.JPG */; };
		4CC919DD1B3B69FC002AAEAF /* TheInn_1.JPG in Resources */ = {isa = PBXBuildFile; fileRef = 4CC919781B3B69FC002AAEAF /* TheInn_1.JPG */; };
		52255A0128719DB322969A65 /* libPods.a in Frameworks */ = {isa = PBXBuildFile; fileRef = 0B0C622101A79892C2599885 /* libPods.a */; };
		6C3C1E1A1B37227D008B39D0 /* main.m in Sources */ = {isa = PBXBuildFile; fileRef = 6C3C1E191B37227D008B39D0 /* main.m */; };
		6C3C1E1D1B37227D008B39D0 /* AppDelegate.m in Sources */ = {isa = PBXBuildFile; fileRef = 6C3C1E1C1B37227D008B39D0 /* AppDelegate.m */; };
		6C3C1E231B37227D008B39D0 /* Main.storyboard in Resources */ = {isa = PBXBuildFile; fileRef = 6C3C1E211B37227D008B39D0 /* Main.storyboard */; };
		6C3C1E251B37227D008B39D0 /* Images.xcassets in Resources */ = {isa = PBXBuildFile; fileRef = 6C3C1E241B37227D008B39D0 /* Images.xcassets */; };
		6C3C1E281B37227D008B39D0 /* LaunchScreen.xib in Resources */ = {isa = PBXBuildFile; fileRef = 6C3C1E261B37227D008B39D0 /* LaunchScreen.xib */; };
		6C3C1E341B37227D008B39D0 /* SaratogaHistoryTests.m in Sources */ = {isa = PBXBuildFile; fileRef = 6C3C1E331B37227D008B39D0 /* SaratogaHistoryTests.m */; };
		6C3C1E3F1B37678F008B39D0 /* pausebutton.png in Resources */ = {isa = PBXBuildFile; fileRef = 6C3C1E3D1B37678F008B39D0 /* pausebutton.png */; };
		6C3C1E401B37678F008B39D0 /* playbutton.png in Resources */ = {isa = PBXBuildFile; fileRef = 6C3C1E3E1B37678F008B39D0 /* playbutton.png */; };
/* End PBXBuildFile section */

/* Begin PBXContainerItemProxy section */
		6C3C1E2E1B37227D008B39D0 /* PBXContainerItemProxy */ = {
			isa = PBXContainerItemProxy;
			containerPortal = 6C3C1E0C1B37227D008B39D0 /* Project object */;
			proxyType = 1;
			remoteGlobalIDString = 6C3C1E131B37227D008B39D0;
			remoteInfo = SaratogaHistory;
		};
/* End PBXContainerItemProxy section */

/* Begin PBXFileReference section */
		0A1FEA3F1B372B2C00AFB6A3 /* SHPlace.h */ = {isa = PBXFileReference; fileEncoding = 4; lastKnownFileType = sourcecode.c.h; path = SHPlace.h; sourceTree = "<group>"; };
		0A1FEA401B372B2C00AFB6A3 /* SHPlace.m */ = {isa = PBXFileReference; fileEncoding = 4; lastKnownFileType = sourcecode.c.objc; path = SHPlace.m; sourceTree = "<group>"; };
		0B0C622101A79892C2599885 /* libPods.a */ = {isa = PBXFileReference; explicitFileType = archive.ar; includeInIndex = 0; path = libPods.a; sourceTree = BUILT_PRODUCTS_DIR; };
		0E265443D33F62DAD5EADEA4 /* Pods.debug.xcconfig */ = {isa = PBXFileReference; includeInIndex = 1; lastKnownFileType = text.xcconfig; name = Pods.debug.xcconfig; path = "Pods/Target Support Files/Pods/Pods.debug.xcconfig"; sourceTree = "<group>"; };
		4C964F901B37340B00F59E59 /* SHPlaceManager.h */ = {isa = PBXFileReference; fileEncoding = 4; lastKnownFileType = sourcecode.c.h; path = SHPlaceManager.h; sourceTree = "<group>"; };
		4C964F911B37340B00F59E59 /* SHPlaceManager.m */ = {isa = PBXFileReference; fileEncoding = 4; lastKnownFileType = sourcecode.c.objc; path = SHPlaceManager.m; sourceTree = "<group>"; };
		4C964F921B37340B00F59E59 /* UIView+AutoLayout.h */ = {isa = PBXFileReference; fileEncoding = 4; lastKnownFileType = sourcecode.c.h; path = "UIView+AutoLayout.h"; sourceTree = "<group>"; };
		4C964F931B37340B00F59E59 /* UIView+AutoLayout.m */ = {isa = PBXFileReference; fileEncoding = 4; lastKnownFileType = sourcecode.c.objc; path = "UIView+AutoLayout.m"; sourceTree = "<group>"; };
		4C964F971B37343500F59E59 /* SYAudioPlayerView.h */ = {isa = PBXFileReference; fileEncoding = 4; lastKnownFileType = sourcecode.c.h; path = SYAudioPlayerView.h; sourceTree = "<group>"; };
		4C964F981B37343500F59E59 /* SYAudioPlayerView.m */ = {isa = PBXFileReference; fileEncoding = 4; lastKnownFileType = sourcecode.c.objc; path = SYAudioPlayerView.m; sourceTree = "<group>"; };
		4C964F991B37343500F59E59 /* SYFullAudioPlayerView.h */ = {isa = PBXFileReference; fileEncoding = 4; lastKnownFileType = sourcecode.c.h; path = SYFullAudioPlayerView.h; sourceTree = "<group>"; };
		4C964F9A1B37343500F59E59 /* SYFullAudioPlayerView.m */ = {isa = PBXFileReference; fileEncoding = 4; lastKnownFileType = sourcecode.c.objc; path = SYFullAudioPlayerView.m; sourceTree = "<group>"; };
		4CA24BF21B373E1200593941 /* SHImageScrollerView.h */ = {isa = PBXFileReference; fileEncoding = 4; lastKnownFileType = sourcecode.c.h; path = SHImageScrollerView.h; sourceTree = "<group>"; };
		4CA24BF31B373E1200593941 /* SHImageScrollerView.m */ = {isa = PBXFileReference; fileEncoding = 4; lastKnownFileType = sourcecode.c.objc; path = SHImageScrollerView.m; sourceTree = "<group>"; };
		4CC917F11B3742FF002AAEAF /* SHBaseViewController.h */ = {isa = PBXFileReference; fileEncoding = 4; lastKnownFileType = sourcecode.c.h; name = SHBaseViewController.h; path = Controllers/SHBaseViewController.h; sourceTree = "<group>"; };
		4CC917F21B3742FF002AAEAF /* SHBaseViewController.m */ = {isa = PBXFileReference; fileEncoding = 4; lastKnownFileType = sourcecode.c.objc; name = SHBaseViewController.m; path = Controllers/SHBaseViewController.m; sourceTree = "<group>"; };
		4CC917F31B3742FF002AAEAF /* SHPlaceViewController.h */ = {isa = PBXFileReference; fileEncoding = 4; lastKnownFileType = sourcecode.c.h; name = SHPlaceViewController.h; path = Controllers/SHPlaceViewController.h; sourceTree = "<group>"; };
		4CC917F41B3742FF002AAEAF /* SHPlaceViewController.m */ = {isa = PBXFileReference; fileEncoding = 4; lastKnownFileType = sourcecode.c.objc; name = SHPlaceViewController.m; path = Controllers/SHPlaceViewController.m; sourceTree = "<group>"; };
		4CC917F51B3742FF002AAEAF /* SHTourViewController.h */ = {isa = PBXFileReference; fileEncoding = 4; lastKnownFileType = sourcecode.c.h; name = SHTourViewController.h; path = Controllers/SHTourViewController.h; sourceTree = "<group>"; };
		4CC917F61B3742FF002AAEAF /* SHTourViewController.m */ = {isa = PBXFileReference; fileEncoding = 4; lastKnownFileType = sourcecode.c.objc; name = SHTourViewController.m; path = Controllers/SHTourViewController.m; sourceTree = "<group>"; };
		4CC917FA1B375981002AAEAF /* I Need A Dollar.mp3 */ = {isa = PBXFileReference; lastKnownFileType = audio.mp3; path = "I Need A Dollar.mp3"; sourceTree = "<group>"; };
		4CC917FD1B3759DA002AAEAF /* nextBlack.png */ = {isa = PBXFileReference; lastKnownFileType = image.png; name = nextBlack.png; path = ../Images/nextBlack.png; sourceTree = "<group>"; };
		4CC917FE1B3759DA002AAEAF /* pauseBlack.png */ = {isa = PBXFileReference; lastKnownFileType = image.png; name = pauseBlack.png; path = ../Images/pauseBlack.png; sourceTree = "<group>"; };
		4CC917FF1B3759DA002AAEAF /* playBlack.png */ = {isa = PBXFileReference; lastKnownFileType = image.png; name = playBlack.png; path = ../Images/playBlack.png; sourceTree = "<group>"; };
		4CC918001B3759DA002AAEAF /* previousBlack.png */ = {isa = PBXFileReference; lastKnownFileType = image.png; name = previousBlack.png; path = ../Images/previousBlack.png; sourceTree = "<group>"; };
		4CC918011B3759DA002AAEAF /* SaratogaHistory2.jpg */ = {isa = PBXFileReference; lastKnownFileType = image.jpeg; name = SaratogaHistory2.jpg; path = ../Images/SaratogaHistory2.jpg; sourceTree = "<group>"; };
		4CC918021B3759DA002AAEAF /* SaratogaHistoryImage.jpg */ = {isa = PBXFileReference; lastKnownFileType = image.jpeg; name = SaratogaHistoryImage.jpg; path = ../Images/SaratogaHistoryImage.jpg; sourceTree = "<group>"; };
		4CC9180C1B375C29002AAEAF /* Reachability.h */ = {isa = PBXFileReference; fileEncoding = 4; lastKnownFileType = sourcecode.c.h; path = Reachability.h; sourceTree = "<group>"; };
		4CC9180D1B375C29002AAEAF /* Reachability.m */ = {isa = PBXFileReference; fileEncoding = 4; lastKnownFileType = sourcecode.c.objc; path = Reachability.m; sourceTree = "<group>"; };
		4CC9180F1B39D6B5002AAEAF /* SHMoreViewController.h */ = {isa = PBXFileReference; fileEncoding = 4; lastKnownFileType = sourcecode.c.h; path = SHMoreViewController.h; sourceTree = "<group>"; };
		4CC918101B39D6B5002AAEAF /* SHMoreViewController.m */ = {isa = PBXFileReference; fileEncoding = 4; lastKnownFileType = sourcecode.c.objc; path = SHMoreViewController.m; sourceTree = "<group>"; };
		4CC918FA1B3B69FC002AAEAF /* Museum_6.JPG */ = {isa = PBXFileReference; lastKnownFileType = image.jpeg; path = Museum_6.JPG; sourceTree = "<group>"; };
		4CC918FB1B3B69FC002AAEAF /* Museum_7.JPG */ = {isa = PBXFileReference; lastKnownFileType = image.jpeg; path = Museum_7.JPG; sourceTree = "<group>"; };
		4CC918FC1B3B69FC002AAEAF /* Museum_8.JPG */ = {isa = PBXFileReference; lastKnownFileType = image.jpeg; path = Museum_8.JPG; sourceTree = "<group>"; };
		4CC918FD1B3B69FC002AAEAF /* Museum_9.JPG */ = {isa = PBXFileReference; lastKnownFileType = image.jpeg; path = Museum_9.JPG; sourceTree = "<group>"; };
		4CC918FE1B3B69FC002AAEAF /* SaratogaHistoryMuseum_1.JPG */ = {isa = PBXFileReference; lastKnownFileType = image.jpeg; path = SaratogaHistoryMuseum_1.JPG; sourceTree = "<group>"; };
		4CC918FF1B3B69FC002AAEAF /* SaratogaHistoryMuseum_2.JPG */ = {isa = PBXFileReference; lastKnownFileType = image.jpeg; path = SaratogaHistoryMuseum_2.JPG; sourceTree = "<group>"; };
		4CC919001B3B69FC002AAEAF /* SaratogaHistoryMuseum_3.JPG */ = {isa = PBXFileReference; lastKnownFileType = image.jpeg; path = SaratogaHistoryMuseum_3.JPG; sourceTree = "<group>"; };
		4CC919011B3B69FC002AAEAF /* SaratogaHistoryMuseum_4.JPG */ = {isa = PBXFileReference; lastKnownFileType = image.jpeg; path = SaratogaHistoryMuseum_4.JPG; sourceTree = "<group>"; };
		4CC919021B3B69FC002AAEAF /* SaratogaHistoryMuseum_5.JPG */ = {isa = PBXFileReference; lastKnownFileType = image.jpeg; path = SaratogaHistoryMuseum_5.JPG; sourceTree = "<group>"; };
		4CC919041B3B69FC002AAEAF /* Cementary_1.JPG */ = {isa = PBXFileReference; lastKnownFileType = image.jpeg; path = Cementary_1.JPG; sourceTree = "<group>"; };
		4CC919051B3B69FC002AAEAF /* Cementary_2.JPG */ = {isa = PBXFileReference; lastKnownFileType = image.jpeg; path = Cementary_2.JPG; sourceTree = "<group>"; };
		4CC919061B3B69FC002AAEAF /* Cementary_3(2).JPG */ = {isa = PBXFileReference; lastKnownFileType = image.jpeg; path = "Cementary_3(2).JPG"; sourceTree = "<group>"; };
		4CC919071B3B69FC002AAEAF /* Cementary_3.JPG */ = {isa = PBXFileReference; lastKnownFileType = image.jpeg; path = Cementary_3.JPG; sourceTree = "<group>"; };
		4CC919081B3B69FC002AAEAF /* Cementary_4.JPG */ = {isa = PBXFileReference; lastKnownFileType = image.jpeg; path = Cementary_4.JPG; sourceTree = "<group>"; };
		4CC919091B3B69FC002AAEAF /* Cementary_5.JPG */ = {isa = PBXFileReference; lastKnownFileType = image.jpeg; path = Cementary_5.JPG; sourceTree = "<group>"; };
		4CC9190A1B3B69FC002AAEAF /* Cementary_6.JPG */ = {isa = PBXFileReference; lastKnownFileType = image.jpeg; path = Cementary_6.JPG; sourceTree = "<group>"; };
		4CC9190B1B3B69FC002AAEAF /* Cementary_7.JPG */ = {isa = PBXFileReference; lastKnownFileType = image.jpeg; path = Cementary_7.JPG; sourceTree = "<group>"; };
		4CC9190C1B3B69FC002AAEAF /* Cementary_8.JPG */ = {isa = PBXFileReference; lastKnownFileType = image.jpeg; path = Cementary_8.JPG; sourceTree = "<group>"; };
		4CC9190D1B3B69FC002AAEAF /* Cementary_9.JPG */ = {isa = PBXFileReference; lastKnownFileType = image.jpeg; path = Cementary_9.JPG; sourceTree = "<group>"; };
		4CC9190F1B3B69FC002AAEAF /* NardieHouse_1.JPG */ = {isa = PBXFileReference; lastKnownFileType = image.jpeg; path = NardieHouse_1.JPG; sourceTree = "<group>"; };
		4CC919111B3B69FC002AAEAF /* JohnHenryHouse_1.JPG */ = {isa = PBXFileReference; lastKnownFileType = image.jpeg; path = JohnHenryHouse_1.JPG; sourceTree = "<group>"; };
		4CC919121B3B69FC002AAEAF /* JohnHenryHouse_2.JPG */ = {isa = PBXFileReference; lastKnownFileType = image.jpeg; path = JohnHenryHouse_2.JPG; sourceTree = "<group>"; };
		4CC919141B3B69FC002AAEAF /* PettisLiveryStable_1.JPG */ = {isa = PBXFileReference; lastKnownFileType = image.jpeg; path = PettisLiveryStable_1.JPG; sourceTree = "<group>"; };
		4CC919151B3B69FC002AAEAF /* PettisLiveryStable_2.JPG */ = {isa = PBXFileReference; lastKnownFileType = image.jpeg; path = PettisLiveryStable_2.JPG; sourceTree = "<group>"; };
		4CC919171B3B69FC002AAEAF /* ErwinKingHouse_1.JPG */ = {isa = PBXFileReference; lastKnownFileType = image.jpeg; path = ErwinKingHouse_1.JPG; sourceTree = "<group>"; };
		4CC919181B3B69FC002AAEAF /* ErwinKingHouse_2.JPG */ = {isa = PBXFileReference; lastKnownFileType = image.jpeg; path = ErwinKingHouse_2.JPG; sourceTree = "<group>"; };
		4CC919191B3B69FC002AAEAF /* ErwinKingHouse_3.JPG */ = {isa = PBXFileReference; lastKnownFileType = image.jpeg; path = ErwinKingHouse_3.JPG; sourceTree = "<group>"; };
		4CC9191A1B3B69FC002AAEAF /* ErwinKingHouse_4.JPG */ = {isa = PBXFileReference; lastKnownFileType = image.jpeg; path = ErwinKingHouse_4.JPG; sourceTree = "<group>"; };
		4CC9191C1B3B69FC002AAEAF /* GroverHouse_1(2).JPG */ = {isa = PBXFileReference; lastKnownFileType = image.jpeg; path = "GroverHouse_1(2).JPG"; sourceTree = "<group>"; };
		4CC9191D1B3B69FC002AAEAF /* GroverHouse_1.JPG */ = {isa = PBXFileReference; lastKnownFileType = image.jpeg; path = GroverHouse_1.JPG; sourceTree = "<group>"; };
		4CC9191E1B3B69FC002AAEAF /* GroverHouse_2.JPG */ = {isa = PBXFileReference; lastKnownFileType = image.jpeg; path = GroverHouse_2.JPG; sourceTree = "<group>"; };
		4CC919201B3B69FC002AAEAF /* GreenStoreBuilding-KocherBuilding_1.JPG */ = {isa = PBXFileReference; lastKnownFileType = image.jpeg; path = "GreenStoreBuilding-KocherBuilding_1.JPG"; sourceTree = "<group>"; };
		4CC919211B3B69FC002AAEAF /* GreenStoreBuilding-KocherBuilding_3.JPG */ = {isa = PBXFileReference; lastKnownFileType = image.jpeg; path = "GreenStoreBuilding-KocherBuilding_3.JPG"; sourceTree = "<group>"; };
		4CC919231B3B69FC002AAEAF /* SamuelCloud'sHouse_1.JPG */ = {isa = PBXFileReference; lastKnownFileType = image.jpeg; path = "SamuelCloud'sHouse_1.JPG"; sourceTree = "<group>"; };
		4CC919241B3B69FC002AAEAF /* SamuelCloud'sHouse_2.JPG */ = {isa = PBXFileReference; lastKnownFileType = image.jpeg; path = "SamuelCloud'sHouse_2.JPG"; sourceTree = "<group>"; };
		4CC919251B3B69FC002AAEAF /* SamuelCloud'sHouse_3.JPG */ = {isa = PBXFileReference; lastKnownFileType = image.jpeg; path = "SamuelCloud'sHouse_3.JPG"; sourceTree = "<group>"; };
		4CC919271B3B69FC002AAEAF /* SamCloud'sHayandFeedWarehouse_1.JPG */ = {isa = PBXFileReference; lastKnownFileType = image.jpeg; path = "SamCloud'sHayandFeedWarehouse_1.JPG"; sourceTree = "<group>"; };
		4CC919281B3B69FC002AAEAF /* SamCloud'sHayandFeedWarehouse_2.JPG */ = {isa = PBXFileReference; lastKnownFileType = image.jpeg; path = "SamCloud'sHayandFeedWarehouse_2.JPG"; sourceTree = "<group>"; };
		4CC919291B3B69FC002AAEAF /* SamCloud'sHayandFeedWarehouse_3.JPG */ = {isa = PBXFileReference; lastKnownFileType = image.jpeg; path = "SamCloud'sHayandFeedWarehouse_3.JPG"; sourceTree = "<group>"; };
		4CC9192B1B3B69FC002AAEAF /* McCarty'sTollGate_1.JPG */ = {isa = PBXFileReference; lastKnownFileType = image.jpeg; path = "McCarty'sTollGate_1.JPG"; sourceTree = "<group>"; };
		4CC9192D1B3B69FC002AAEAF /* McWilliam'sHouse_1.JPG */ = {isa = PBXFileReference; lastKnownFileType = image.jpeg; path = "McWilliam'sHouse_1.JPG"; sourceTree = "<group>"; };
		4CC9192E1B3B69FC002AAEAF /* McWilliam'sHouse_2.JPG */ = {isa = PBXFileReference; lastKnownFileType = image.jpeg; path = "McWilliam'sHouse_2.JPG"; sourceTree = "<group>"; };
		4CC9192F1B3B69FC002AAEAF /* McWilliamsHouse_3.JPG */ = {isa = PBXFileReference; lastKnownFileType = image.jpeg; path = McWilliamsHouse_3.JPG; sourceTree = "<group>"; };
		4CC919301B3B69FC002AAEAF /* McWilliamsHouse_4.JPG */ = {isa = PBXFileReference; lastKnownFileType = image.jpeg; path = McWilliamsHouse_4.JPG; sourceTree = "<group>"; };
		4CC919311B3B69FC002AAEAF /* McWilliamsHouse_5.JPG */ = {isa = PBXFileReference; lastKnownFileType = image.jpeg; path = McWilliamsHouse_5.JPG; sourceTree = "<group>"; };
		4CC919331B3B69FC002AAEAF /* SamuelCloud'sHouse_4.JPG */ = {isa = PBXFileReference; lastKnownFileType = image.jpeg; path = "SamuelCloud'sHouse_4.JPG"; sourceTree = "<group>"; };
		4CC919351B3B69FC002AAEAF /* Bank_1.JPG */ = {isa = PBXFileReference; lastKnownFileType = image.jpeg; path = Bank_1.JPG; sourceTree = "<group>"; };
		4CC919361B3B69FC002AAEAF /* Bank_2.JPG */ = {isa = PBXFileReference; lastKnownFileType = image.jpeg; path = Bank_2.JPG; sourceTree = "<group>"; };
		4CC919371B3B69FC002AAEAF /* Bank_3.JPG */ = {isa = PBXFileReference; lastKnownFileType = image.jpeg; path = Bank_3.JPG; sourceTree = "<group>"; };
		4CC919381B3B69FC002AAEAF /* Bank_4.JPG */ = {isa = PBXFileReference; lastKnownFileType = image.jpeg; path = Bank_4.JPG; sourceTree = "<group>"; };
		4CC919391B3B69FC002AAEAF /* Bank_5.JPG */ = {isa = PBXFileReference; lastKnownFileType = image.jpeg; path = Bank_5.JPG; sourceTree = "<group>"; };
		4CC9193A1B3B69FC002AAEAF /* Bank_6.JPG */ = {isa = PBXFileReference; lastKnownFileType = image.jpeg; path = Bank_6.JPG; sourceTree = "<group>"; };
		4CC9193C1B3B69FC002AAEAF /* MemorialArch_1(2).JPG */ = {isa = PBXFileReference; lastKnownFileType = image.jpeg; path = "MemorialArch_1(2).JPG"; sourceTree = "<group>"; };
		4CC9193D1B3B69FC002AAEAF /* MemorialArch_1.JPG */ = {isa = PBXFileReference; lastKnownFileType = image.jpeg; path = MemorialArch_1.JPG; sourceTree = "<group>"; };
		4CC9193F1B3B69FC002AAEAF /* Firebell_1.JPG */ = {isa = PBXFileReference; lastKnownFileType = image.jpeg; path = Firebell_1.JPG; sourceTree = "<group>"; };
		4CC919401B3B69FC002AAEAF /* Firebell_2.JPG */ = {isa = PBXFileReference; lastKnownFileType = image.jpeg; path = Firebell_2.JPG; sourceTree = "<group>"; };
		4CC919421B3B69FC002AAEAF /* MethodistEpiscopalChurch_1(2).JPG */ = {isa = PBXFileReference; lastKnownFileType = image.jpeg; path = "MethodistEpiscopalChurch_1(2).JPG"; sourceTree = "<group>"; };
		4CC919431B3B69FC002AAEAF /* MethodistEpiscopalChurch_1.JPG */ = {isa = PBXFileReference; lastKnownFileType = image.jpeg; path = MethodistEpiscopalChurch_1.JPG; sourceTree = "<group>"; };
		4CC919441B3B69FC002AAEAF /* MethodistEpiscopalChurch_2.JPG */ = {isa = PBXFileReference; lastKnownFileType = image.jpeg; path = MethodistEpiscopalChurch_2.JPG; sourceTree = "<group>"; };
		4CC919461B3B69FC002AAEAF /* SaratogaFederatedChurch_1.JPG */ = {isa = PBXFileReference; lastKnownFileType = image.jpeg; path = SaratogaFederatedChurch_1.JPG; sourceTree = "<group>"; };
		4CC919471B3B69FC002AAEAF /* SaratogaFederatedChurch_2.JPG */ = {isa = PBXFileReference; lastKnownFileType = image.jpeg; path = SaratogaFederatedChurch_2.JPG; sourceTree = "<group>"; };
		4CC919481B3B69FC002AAEAF /* SaratogaFederatedChurch_3.JPG */ = {isa = PBXFileReference; lastKnownFileType = image.jpeg; path = SaratogaFederatedChurch_3.JPG; sourceTree = "<group>"; };
		4CC9194A1B3B69FC002AAEAF /* FoothillClub_1(2).JPG */ = {isa = PBXFileReference; lastKnownFileType = image.jpeg; path = "FoothillClub_1(2).JPG"; sourceTree = "<group>"; };
		4CC9194B1B3B69FC002AAEAF /* FoothillClub_1.JPG */ = {isa = PBXFileReference; lastKnownFileType = image.jpeg; path = FoothillClub_1.JPG; sourceTree = "<group>"; };
		4CC9194C1B3B69FC002AAEAF /* FoothillClub_2(2).JPG */ = {isa = PBXFileReference; lastKnownFileType = image.jpeg; path = "FoothillClub_2(2).JPG"; sourceTree = "<group>"; };
		4CC9194D1B3B69FC002AAEAF /* FoothillClub_2.JPG */ = {isa = PBXFileReference; lastKnownFileType = image.jpeg; path = FoothillClub_2.JPG; sourceTree = "<group>"; };
		4CC9194E1B3B69FC002AAEAF /* FoothillClub_3.JPG */ = {isa = PBXFileReference; lastKnownFileType = image.jpeg; path = FoothillClub_3.JPG; sourceTree = "<group>"; };
		4CC919501B3B69FC002AAEAF /* VillageLibrary_1.JPG */ = {isa = PBXFileReference; lastKnownFileType = image.jpeg; path = VillageLibrary_1.JPG; sourceTree = "<group>"; };
		4CC919521B3B69FC002AAEAF /* Lunblad'sLodge_1.JPG */ = {isa = PBXFileReference; lastKnownFileType = image.jpeg; path = "Lunblad'sLodge_1.JPG"; sourceTree = "<group>"; };
		4CC919531B3B69FC002AAEAF /* Lundblad'sLodge_2.JPG */ = {isa = PBXFileReference; lastKnownFileType = image.jpeg; path = "Lundblad'sLodge_2.JPG"; sourceTree = "<group>"; };
		4CC919541B3B69FC002AAEAF /* Lundblad'sLodge_3.JPG */ = {isa = PBXFileReference; lastKnownFileType = image.jpeg; path = "Lundblad'sLodge_3.JPG"; sourceTree = "<group>"; };
		4CC919561B3B69FC002AAEAF /* SaratogaSchool_1.JPG */ = {isa = PBXFileReference; lastKnownFileType = image.jpeg; path = SaratogaSchool_1.JPG; sourceTree = "<group>"; };
		4CC919571B3B69FC002AAEAF /* SaratogaSchool_2.JPG */ = {isa = PBXFileReference; lastKnownFileType = image.jpeg; path = SaratogaSchool_2.JPG; sourceTree = "<group>"; };
		4CC919581B3B69FC002AAEAF /* SaratogaSchool_3.JPG */ = {isa = PBXFileReference; lastKnownFileType = image.jpeg; path = SaratogaSchool_3.JPG; sourceTree = "<group>"; };
		4CC9195A1B3B69FC002AAEAF /* ChurchParsonage_1.JPG */ = {isa = PBXFileReference; lastKnownFileType = image.jpeg; path = ChurchParsonage_1.JPG; sourceTree = "<group>"; };
		4CC9195C1B3B69FC002AAEAF /* WilliamFKing_6.JPG */ = {isa = PBXFileReference; lastKnownFileType = image.jpeg; path = WilliamFKing_6.JPG; sourceTree = "<group>"; };
		4CC9195D1B3B69FC002AAEAF /* WilliamFKingHouse_1.JPG */ = {isa = PBXFileReference; lastKnownFileType = image.jpeg; path = WilliamFKingHouse_1.JPG; sourceTree = "<group>"; };
		4CC9195E1B3B69FC002AAEAF /* WilliamFKingHouse_10.JPG */ = {isa = PBXFileReference; lastKnownFileType = image.jpeg; path = WilliamFKingHouse_10.JPG; sourceTree = "<group>"; };
		4CC9195F1B3B69FC002AAEAF /* WilliamFKingHouse_3.JPG */ = {isa = PBXFileReference; lastKnownFileType = image.jpeg; path = WilliamFKingHouse_3.JPG; sourceTree = "<group>"; };
		4CC919601B3B69FC002AAEAF /* WilliamFKingHouse_5.JPG */ = {isa = PBXFileReference; lastKnownFileType = image.jpeg; path = WilliamFKingHouse_5.JPG; sourceTree = "<group>"; };
		4CC919611B3B69FC002AAEAF /* WilliamFKingHouse_7.JPG */ = {isa = PBXFileReference; lastKnownFileType = image.jpeg; path = WilliamFKingHouse_7.JPG; sourceTree = "<group>"; };
		4CC919621B3B69FC002AAEAF /* WilliamFkingHouse_8.JPG */ = {isa = PBXFileReference; lastKnownFileType = image.jpeg; path = WilliamFkingHouse_8.JPG; sourceTree = "<group>"; };
		4CC919631B3B69FC002AAEAF /* WilliamFKingHouse_9.JPG */ = {isa = PBXFileReference; lastKnownFileType = image.jpeg; path = WilliamFKingHouse_9.JPG; sourceTree = "<group>"; };
		4CC919651B3B69FC002AAEAF /* MissionarySettlement_3.JPG */ = {isa = PBXFileReference; lastKnownFileType = image.jpeg; path = MissionarySettlement_3.JPG; sourceTree = "<group>"; };
		4CC919661B3B69FC002AAEAF /* MissionarySettlement_4.JPG */ = {isa = PBXFileReference; lastKnownFileType = image.jpeg; path = MissionarySettlement_4.JPG; sourceTree = "<group>"; };
		4CC919671B3B69FC002AAEAF /* MissionarySettlement_5.JPG */ = {isa = PBXFileReference; lastKnownFileType = image.jpeg; path = MissionarySettlement_5.JPG; sourceTree = "<group>"; };
		4CC919681B3B69FC002AAEAF /* MissionarySettlementHouse_1.JPG */ = {isa = PBXFileReference; lastKnownFileType = image.jpeg; path = MissionarySettlementHouse_1.JPG; sourceTree = "<group>"; };
		4CC919691B3B69FC002AAEAF /* MissionarySettlementHouse_2.JPG */ = {isa = PBXFileReference; lastKnownFileType = image.jpeg; path = MissionarySettlementHouse_2.JPG; sourceTree = "<group>"; };
		4CC9196B1B3B69FC002AAEAF /* VanArsdaleHouse_1.JPG */ = {isa = PBXFileReference; lastKnownFileType = image.jpeg; path = VanArsdaleHouse_1.JPG; sourceTree = "<group>"; };
		4CC9196C1B3B69FC002AAEAF /* VanArsdaleHouse_2.JPG */ = {isa = PBXFileReference; lastKnownFileType = image.jpeg; path = VanArsdaleHouse_2.JPG; sourceTree = "<group>"; };
		4CC9196D1B3B69FC002AAEAF /* VanArsdaleHouse_3.JPG */ = {isa = PBXFileReference; lastKnownFileType = image.jpeg; path = VanArsdaleHouse_3.JPG; sourceTree = "<group>"; };
		4CC9196E1B3B69FC002AAEAF /* VanArsdaleHouse_4.JPG */ = {isa = PBXFileReference; lastKnownFileType = image.jpeg; path = VanArsdaleHouse_4.JPG; sourceTree = "<group>"; };
		4CC919701B3B69FC002AAEAF /* Car_1.JPG */ = {isa = PBXFileReference; lastKnownFileType = image.jpeg; path = Car_1.JPG; sourceTree = "<group>"; };
		4CC919711B3B69FC002AAEAF /* Car_2.JPG */ = {isa = PBXFileReference; lastKnownFileType = image.jpeg; path = Car_2.JPG; sourceTree = "<group>"; };
		4CC919721B3B69FC002AAEAF /* Car_3.JPG */ = {isa = PBXFileReference; lastKnownFileType = image.jpeg; path = Car_3.JPG; sourceTree = "<group>"; };
		4CC919731B3B69FC002AAEAF /* historicsign.JPG */ = {isa = PBXFileReference; lastKnownFileType = image.jpeg; path = historicsign.JPG; sourceTree = "<group>"; };
		4CC919741B3B69FC002AAEAF /* Plaque.JPG */ = {isa = PBXFileReference; lastKnownFileType = image.jpeg; path = Plaque.JPG; sourceTree = "<group>"; };
		4CC919751B3B69FC002AAEAF /* SaratogaVillage_1(2).JPG */ = {isa = PBXFileReference; lastKnownFileType = image.jpeg; path = "SaratogaVillage_1(2).JPG"; sourceTree = "<group>"; };
		4CC919761B3B69FC002AAEAF /* SaratogaVillage_1.JPG */ = {isa = PBXFileReference; lastKnownFileType = image.jpeg; path = SaratogaVillage_1.JPG; sourceTree = "<group>"; };
		4CC919771B3B69FC002AAEAF /* SaratogaVillage_2.JPG */ = {isa = PBXFileReference; lastKnownFileType = image.jpeg; path = SaratogaVillage_2.JPG; sourceTree = "<group>"; };
		4CC919781B3B69FC002AAEAF /* TheInn_1.JPG */ = {isa = PBXFileReference; lastKnownFileType = image.jpeg; path = TheInn_1.JPG; sourceTree = "<group>"; };
		6C3C1E141B37227D008B39D0 /* SaratogaHistory.app */ = {isa = PBXFileReference; explicitFileType = wrapper.application; includeInIndex = 0; path = SaratogaHistory.app; sourceTree = BUILT_PRODUCTS_DIR; };
		6C3C1E181B37227D008B39D0 /* Info.plist */ = {isa = PBXFileReference; lastKnownFileType = text.plist.xml; path = Info.plist; sourceTree = "<group>"; };
		6C3C1E191B37227D008B39D0 /* main.m */ = {isa = PBXFileReference; lastKnownFileType = sourcecode.c.objc; path = main.m; sourceTree = "<group>"; };
		6C3C1E1B1B37227D008B39D0 /* AppDelegate.h */ = {isa = PBXFileReference; lastKnownFileType = sourcecode.c.h; path = AppDelegate.h; sourceTree = "<group>"; };
		6C3C1E1C1B37227D008B39D0 /* AppDelegate.m */ = {isa = PBXFileReference; lastKnownFileType = sourcecode.c.objc; path = AppDelegate.m; sourceTree = "<group>"; };
		6C3C1E221B37227D008B39D0 /* Base */ = {isa = PBXFileReference; lastKnownFileType = file.storyboard; name = Base; path = Base.lproj/Main.storyboard; sourceTree = "<group>"; };
		6C3C1E241B37227D008B39D0 /* Images.xcassets */ = {isa = PBXFileReference; lastKnownFileType = folder.assetcatalog; path = Images.xcassets; sourceTree = "<group>"; };
		6C3C1E271B37227D008B39D0 /* Base */ = {isa = PBXFileReference; lastKnownFileType = file.xib; name = Base; path = Base.lproj/LaunchScreen.xib; sourceTree = "<group>"; };
		6C3C1E2D1B37227D008B39D0 /* SaratogaHistoryTests.xctest */ = {isa = PBXFileReference; explicitFileType = wrapper.cfbundle; includeInIndex = 0; path = SaratogaHistoryTests.xctest; sourceTree = BUILT_PRODUCTS_DIR; };
		6C3C1E321B37227D008B39D0 /* Info.plist */ = {isa = PBXFileReference; lastKnownFileType = text.plist.xml; path = Info.plist; sourceTree = "<group>"; };
		6C3C1E331B37227D008B39D0 /* SaratogaHistoryTests.m */ = {isa = PBXFileReference; lastKnownFileType = sourcecode.c.objc; path = SaratogaHistoryTests.m; sourceTree = "<group>"; };
		6C3C1E3D1B37678F008B39D0 /* pausebutton.png */ = {isa = PBXFileReference; lastKnownFileType = image.png; name = pausebutton.png; path = ../Images/pausebutton.png; sourceTree = "<group>"; };
		6C3C1E3E1B37678F008B39D0 /* playbutton.png */ = {isa = PBXFileReference; lastKnownFileType = image.png; name = playbutton.png; path = ../Images/playbutton.png; sourceTree = "<group>"; };
		BA3C52C486C8911CA9830DE3 /* Pods.release.xcconfig */ = {isa = PBXFileReference; includeInIndex = 1; lastKnownFileType = text.xcconfig; name = Pods.release.xcconfig; path = "Pods/Target Support Files/Pods/Pods.release.xcconfig"; sourceTree = "<group>"; };
/* End PBXFileReference section */

/* Begin PBXFrameworksBuildPhase section */
		6C3C1E111B37227D008B39D0 /* Frameworks */ = {
			isa = PBXFrameworksBuildPhase;
			buildActionMask = 2147483647;
			files = (
				52255A0128719DB322969A65 /* libPods.a in Frameworks */,
			);
			runOnlyForDeploymentPostprocessing = 0;
		};
		6C3C1E2A1B37227D008B39D0 /* Frameworks */ = {
			isa = PBXFrameworksBuildPhase;
			buildActionMask = 2147483647;
			files = (
			);
			runOnlyForDeploymentPostprocessing = 0;
		};
/* End PBXFrameworksBuildPhase section */

/* Begin PBXGroup section */
		0A1FEA3E1B372B2C00AFB6A3 /* Models */ = {
			isa = PBXGroup;
			children = (
				0A1FEA3F1B372B2C00AFB6A3 /* SHPlace.h */,
				0A1FEA401B372B2C00AFB6A3 /* SHPlace.m */,
			);
			path = Models;
			sourceTree = "<group>";
		};
		18D618B3ED089D615FE8AAD4 /* Frameworks */ = {
			isa = PBXGroup;
			children = (
				0B0C622101A79892C2599885 /* libPods.a */,
			);
			name = Frameworks;
			sourceTree = "<group>";
		};
		4C964F8F1B37340B00F59E59 /* Helpers */ = {
			isa = PBXGroup;
			children = (
				4C964F901B37340B00F59E59 /* SHPlaceManager.h */,
				4C964F911B37340B00F59E59 /* SHPlaceManager.m */,
				4C964F921B37340B00F59E59 /* UIView+AutoLayout.h */,
				4C964F931B37340B00F59E59 /* UIView+AutoLayout.m */,
				4CC9180C1B375C29002AAEAF /* Reachability.h */,
				4CC9180D1B375C29002AAEAF /* Reachability.m */,
			);
			path = Helpers;
			sourceTree = "<group>";
		};
		4C964F961B37343500F59E59 /* Views */ = {
			isa = PBXGroup;
			children = (
				4C964F971B37343500F59E59 /* SYAudioPlayerView.h */,
				4C964F981B37343500F59E59 /* SYAudioPlayerView.m */,
				4C964F991B37343500F59E59 /* SYFullAudioPlayerView.h */,
				4C964F9A1B37343500F59E59 /* SYFullAudioPlayerView.m */,
				4CA24BF21B373E1200593941 /* SHImageScrollerView.h */,
				4CA24BF31B373E1200593941 /* SHImageScrollerView.m */,
			);
			name = Views;
			path = SaratogaHistory/Views;
			sourceTree = SOURCE_ROOT;
		};
		4CA24BE51B373AC000593941 /* Controllers */ = {
			isa = PBXGroup;
			children = (
				4CC917F11B3742FF002AAEAF /* SHBaseViewController.h */,
				4CC917F21B3742FF002AAEAF /* SHBaseViewController.m */,
				4CC917F31B3742FF002AAEAF /* SHPlaceViewController.h */,
				4CC917F41B3742FF002AAEAF /* SHPlaceViewController.m */,
				4CC917F51B3742FF002AAEAF /* SHTourViewController.h */,
				4CC917F61B3742FF002AAEAF /* SHTourViewController.m */,
				4CC9180F1B39D6B5002AAEAF /* SHMoreViewController.h */,
				4CC918101B39D6B5002AAEAF /* SHMoreViewController.m */,
			);
			name = Controllers;
			sourceTree = "<group>";
		};
		4CC918F81B3B69FC002AAEAF /* Images */ = {
			isa = PBXGroup;
			children = (
				4CC918F91B3B69FC002AAEAF /* 01 HistoryMuseum */,
				4CC9192C1B3B69FC002AAEAF /* 02 McWilliamsHouse */,
				4CC9194F1B3B69FC002AAEAF /* 03 VillageLibrary */,
				4CC919511B3B69FC002AAEAF /* 04 Lundblad's Lodge */,
				4CC919551B3B69FC002AAEAF /* 05 SaratogaSchool */,
				4CC919591B3B69FC002AAEAF /* 06 CongregationalChurchParsonage */,
				4CC9195B1B3B69FC002AAEAF /* 07 WilliamFKingHouse */,
				4CC919641B3B69FC002AAEAF /* 08 MissionarySettlementHouse */,
				4CC9196A1B3B69FC002AAEAF /* 09 VanArsdaleHouse */,
				4CC919031B3B69FC002AAEAF /* 10 Cementary */,
				4CC9190E1B3B69FC002AAEAF /* 11 NardieHouse */,
				4CC919101B3B69FC002AAEAF /* 12 John Henry House */,
				4CC919131B3B69FC002AAEAF /* 13 Pettis Livery Stable */,
				4CC919161B3B69FC002AAEAF /* 14 Erwin T King House */,
				4CC9191B1B3B69FC002AAEAF /* 15 Grover House  */,
				4CC9191F1B3B69FC002AAEAF /* 16 Green Store Building-Kocher Building  */,
				4CC919221B3B69FC002AAEAF /* 17 Sam Cloud House _Cloud General Store  */,
				4CC919261B3B69FC002AAEAF /* 18 Sam Cloud’s Hay and Feed Warehouse  */,
				4CC9192A1B3B69FC002AAEAF /* 19 Toll Gate Plaque  */,
				4CC919321B3B69FC002AAEAF /* 20 Hutchinson Building  */,
				4CC919341B3B69FC002AAEAF /* 21 Saratoga National Bank-The Bank  */,
				4CC9193B1B3B69FC002AAEAF /* 22 Memorial Arch  */,
				4CC9193E1B3B69FC002AAEAF /* 23 Saratoga Fire Bell  */,
				4CC919411B3B69FC002AAEAF /* 24 Methodist-Episcopal Church  */,
				4CC919451B3B69FC002AAEAF /* 25 Saratoga Federated Church  */,
				4CC919491B3B69FC002AAEAF /* 26 Saratoga Foothill Club  */,
				4CC917FD1B3759DA002AAEAF /* nextBlack.png */,
				4CC9196F1B3B69FC002AAEAF /* other */,
				4CC917FE1B3759DA002AAEAF /* pauseBlack.png */,
				6C3C1E3D1B37678F008B39D0 /* pausebutton.png */,
				4CC917FF1B3759DA002AAEAF /* playBlack.png */,
				6C3C1E3E1B37678F008B39D0 /* playbutton.png */,
				4CC918001B3759DA002AAEAF /* previousBlack.png */,
				4CC918011B3759DA002AAEAF /* SaratogaHistory2.jpg */,
				4CC918021B3759DA002AAEAF /* SaratogaHistoryImage.jpg */,
			);
			name = Images;
			path = "Saratoga History Pictures";
			sourceTree = "<group>";
		};
		4CC918F91B3B69FC002AAEAF /* 01 HistoryMuseum */ = {
			isa = PBXGroup;
			children = (
				4CC918FA1B3B69FC002AAEAF /* Museum_6.JPG */,
				4CC918FB1B3B69FC002AAEAF /* Museum_7.JPG */,
				4CC918FC1B3B69FC002AAEAF /* Museum_8.JPG */,
				4CC918FD1B3B69FC002AAEAF /* Museum_9.JPG */,
				4CC918FE1B3B69FC002AAEAF /* SaratogaHistoryMuseum_1.JPG */,
				4CC918FF1B3B69FC002AAEAF /* SaratogaHistoryMuseum_2.JPG */,
				4CC919001B3B69FC002AAEAF /* SaratogaHistoryMuseum_3.JPG */,
				4CC919011B3B69FC002AAEAF /* SaratogaHistoryMuseum_4.JPG */,
				4CC919021B3B69FC002AAEAF /* SaratogaHistoryMuseum_5.JPG */,
			);
			name = "01 HistoryMuseum";
			path = "1 HistoryMuseum";
			sourceTree = "<group>";
		};
		4CC919031B3B69FC002AAEAF /* 10 Cementary */ = {
			isa = PBXGroup;
			children = (
				4CC919041B3B69FC002AAEAF /* Cementary_1.JPG */,
				4CC919051B3B69FC002AAEAF /* Cementary_2.JPG */,
				4CC919061B3B69FC002AAEAF /* Cementary_3(2).JPG */,
				4CC919071B3B69FC002AAEAF /* Cementary_3.JPG */,
				4CC919081B3B69FC002AAEAF /* Cementary_4.JPG */,
				4CC919091B3B69FC002AAEAF /* Cementary_5.JPG */,
				4CC9190A1B3B69FC002AAEAF /* Cementary_6.JPG */,
				4CC9190B1B3B69FC002AAEAF /* Cementary_7.JPG */,
				4CC9190C1B3B69FC002AAEAF /* Cementary_8.JPG */,
				4CC9190D1B3B69FC002AAEAF /* Cementary_9.JPG */,
			);
			path = "10 Cementary";
			sourceTree = "<group>";
		};
		4CC9190E1B3B69FC002AAEAF /* 11 NardieHouse */ = {
			isa = PBXGroup;
			children = (
				4CC9190F1B3B69FC002AAEAF /* NardieHouse_1.JPG */,
			);
			path = "11 NardieHouse";
			sourceTree = "<group>";
		};
		4CC919101B3B69FC002AAEAF /* 12 John Henry House */ = {
			isa = PBXGroup;
			children = (
				4CC919111B3B69FC002AAEAF /* JohnHenryHouse_1.JPG */,
				4CC919121B3B69FC002AAEAF /* JohnHenryHouse_2.JPG */,
			);
			path = "12 John Henry House";
			sourceTree = "<group>";
		};
		4CC919131B3B69FC002AAEAF /* 13 Pettis Livery Stable */ = {
			isa = PBXGroup;
			children = (
				4CC919141B3B69FC002AAEAF /* PettisLiveryStable_1.JPG */,
				4CC919151B3B69FC002AAEAF /* PettisLiveryStable_2.JPG */,
			);
			path = "13 Pettis Livery Stable";
			sourceTree = "<group>";
		};
		4CC919161B3B69FC002AAEAF /* 14 Erwin T King House */ = {
			isa = PBXGroup;
			children = (
				4CC919171B3B69FC002AAEAF /* ErwinKingHouse_1.JPG */,
				4CC919181B3B69FC002AAEAF /* ErwinKingHouse_2.JPG */,
				4CC919191B3B69FC002AAEAF /* ErwinKingHouse_3.JPG */,
				4CC9191A1B3B69FC002AAEAF /* ErwinKingHouse_4.JPG */,
			);
			path = "14 Erwin T King House";
			sourceTree = "<group>";
		};
		4CC9191B1B3B69FC002AAEAF /* 15 Grover House  */ = {
			isa = PBXGroup;
			children = (
				4CC9191C1B3B69FC002AAEAF /* GroverHouse_1(2).JPG */,
				4CC9191D1B3B69FC002AAEAF /* GroverHouse_1.JPG */,
				4CC9191E1B3B69FC002AAEAF /* GroverHouse_2.JPG */,
			);
			path = "15 Grover House ";
			sourceTree = "<group>";
		};
		4CC9191F1B3B69FC002AAEAF /* 16 Green Store Building-Kocher Building  */ = {
			isa = PBXGroup;
			children = (
				4CC919201B3B69FC002AAEAF /* GreenStoreBuilding-KocherBuilding_1.JPG */,
				4CC919211B3B69FC002AAEAF /* GreenStoreBuilding-KocherBuilding_3.JPG */,
			);
			path = "16 Green Store Building-Kocher Building ";
			sourceTree = "<group>";
		};
		4CC919221B3B69FC002AAEAF /* 17 Sam Cloud House _Cloud General Store  */ = {
			isa = PBXGroup;
			children = (
				4CC919231B3B69FC002AAEAF /* SamuelCloud'sHouse_1.JPG */,
				4CC919241B3B69FC002AAEAF /* SamuelCloud'sHouse_2.JPG */,
				4CC919251B3B69FC002AAEAF /* SamuelCloud'sHouse_3.JPG */,
			);
			path = "17 Sam Cloud House _Cloud General Store ";
			sourceTree = "<group>";
		};
		4CC919261B3B69FC002AAEAF /* 18 Sam Cloud’s Hay and Feed Warehouse  */ = {
			isa = PBXGroup;
			children = (
				4CC919271B3B69FC002AAEAF /* SamCloud'sHayandFeedWarehouse_1.JPG */,
				4CC919281B3B69FC002AAEAF /* SamCloud'sHayandFeedWarehouse_2.JPG */,
				4CC919291B3B69FC002AAEAF /* SamCloud'sHayandFeedWarehouse_3.JPG */,
			);
			path = "18 Sam Cloud’s Hay and Feed Warehouse ";
			sourceTree = "<group>";
		};
		4CC9192A1B3B69FC002AAEAF /* 19 Toll Gate Plaque  */ = {
			isa = PBXGroup;
			children = (
				4CC9192B1B3B69FC002AAEAF /* McCarty'sTollGate_1.JPG */,
			);
			path = "19 Toll Gate Plaque ";
			sourceTree = "<group>";
		};
		4CC9192C1B3B69FC002AAEAF /* 02 McWilliamsHouse */ = {
			isa = PBXGroup;
			children = (
				4CC9192D1B3B69FC002AAEAF /* McWilliam'sHouse_1.JPG */,
				4CC9192E1B3B69FC002AAEAF /* McWilliam'sHouse_2.JPG */,
				4CC9192F1B3B69FC002AAEAF /* McWilliamsHouse_3.JPG */,
				4CC919301B3B69FC002AAEAF /* McWilliamsHouse_4.JPG */,
				4CC919311B3B69FC002AAEAF /* McWilliamsHouse_5.JPG */,
			);
			name = "02 McWilliamsHouse";
			path = "2 McWilliamsHouse";
			sourceTree = "<group>";
		};
		4CC919321B3B69FC002AAEAF /* 20 Hutchinson Building  */ = {
			isa = PBXGroup;
			children = (
				4CC919331B3B69FC002AAEAF /* SamuelCloud'sHouse_4.JPG */,
			);
			path = "20 Hutchinson Building ";
			sourceTree = "<group>";
		};
		4CC919341B3B69FC002AAEAF /* 21 Saratoga National Bank-The Bank  */ = {
			isa = PBXGroup;
			children = (
				4CC919351B3B69FC002AAEAF /* Bank_1.JPG */,
				4CC919361B3B69FC002AAEAF /* Bank_2.JPG */,
				4CC919371B3B69FC002AAEAF /* Bank_3.JPG */,
				4CC919381B3B69FC002AAEAF /* Bank_4.JPG */,
				4CC919391B3B69FC002AAEAF /* Bank_5.JPG */,
				4CC9193A1B3B69FC002AAEAF /* Bank_6.JPG */,
			);
			path = "21 Saratoga National Bank-The Bank ";
			sourceTree = "<group>";
		};
		4CC9193B1B3B69FC002AAEAF /* 22 Memorial Arch  */ = {
			isa = PBXGroup;
			children = (
				4CC9193C1B3B69FC002AAEAF /* MemorialArch_1(2).JPG */,
				4CC9193D1B3B69FC002AAEAF /* MemorialArch_1.JPG */,
			);
			path = "22 Memorial Arch ";
			sourceTree = "<group>";
		};
		4CC9193E1B3B69FC002AAEAF /* 23 Saratoga Fire Bell  */ = {
			isa = PBXGroup;
			children = (
				4CC9193F1B3B69FC002AAEAF /* Firebell_1.JPG */,
				4CC919401B3B69FC002AAEAF /* Firebell_2.JPG */,
			);
			path = "23 Saratoga Fire Bell ";
			sourceTree = "<group>";
		};
		4CC919411B3B69FC002AAEAF /* 24 Methodist-Episcopal Church  */ = {
			isa = PBXGroup;
			children = (
				4CC919421B3B69FC002AAEAF /* MethodistEpiscopalChurch_1(2).JPG */,
				4CC919431B3B69FC002AAEAF /* MethodistEpiscopalChurch_1.JPG */,
				4CC919441B3B69FC002AAEAF /* MethodistEpiscopalChurch_2.JPG */,
			);
			path = "24 Methodist-Episcopal Church ";
			sourceTree = "<group>";
		};
		4CC919451B3B69FC002AAEAF /* 25 Saratoga Federated Church  */ = {
			isa = PBXGroup;
			children = (
				4CC919461B3B69FC002AAEAF /* SaratogaFederatedChurch_1.JPG */,
				4CC919471B3B69FC002AAEAF /* SaratogaFederatedChurch_2.JPG */,
				4CC919481B3B69FC002AAEAF /* SaratogaFederatedChurch_3.JPG */,
			);
			path = "25 Saratoga Federated Church ";
			sourceTree = "<group>";
		};
		4CC919491B3B69FC002AAEAF /* 26 Saratoga Foothill Club  */ = {
			isa = PBXGroup;
			children = (
				4CC9194A1B3B69FC002AAEAF /* FoothillClub_1(2).JPG */,
				4CC9194B1B3B69FC002AAEAF /* FoothillClub_1.JPG */,
				4CC9194C1B3B69FC002AAEAF /* FoothillClub_2(2).JPG */,
				4CC9194D1B3B69FC002AAEAF /* FoothillClub_2.JPG */,
				4CC9194E1B3B69FC002AAEAF /* FoothillClub_3.JPG */,
			);
			path = "26 Saratoga Foothill Club ";
			sourceTree = "<group>";
		};
		4CC9194F1B3B69FC002AAEAF /* 03 VillageLibrary */ = {
			isa = PBXGroup;
			children = (
				4CC919501B3B69FC002AAEAF /* VillageLibrary_1.JPG */,
			);
			name = "03 VillageLibrary";
			path = "3 VillageLibrary";
			sourceTree = "<group>";
		};
		4CC919511B3B69FC002AAEAF /* 04 Lundblad's Lodge */ = {
			isa = PBXGroup;
			children = (
				4CC919521B3B69FC002AAEAF /* Lunblad'sLodge_1.JPG */,
				4CC919531B3B69FC002AAEAF /* Lundblad'sLodge_2.JPG */,
				4CC919541B3B69FC002AAEAF /* Lundblad'sLodge_3.JPG */,
			);
			name = "04 Lundblad's Lodge";
			path = "4 Lundblad's Lodge";
			sourceTree = "<group>";
		};
		4CC919551B3B69FC002AAEAF /* 05 SaratogaSchool */ = {
			isa = PBXGroup;
			children = (
				4CC919561B3B69FC002AAEAF /* SaratogaSchool_1.JPG */,
				4CC919571B3B69FC002AAEAF /* SaratogaSchool_2.JPG */,
				4CC919581B3B69FC002AAEAF /* SaratogaSchool_3.JPG */,
			);
			name = "05 SaratogaSchool";
			path = "5 SaratogaSchool";
			sourceTree = "<group>";
		};
		4CC919591B3B69FC002AAEAF /* 06 CongregationalChurchParsonage */ = {
			isa = PBXGroup;
			children = (
				4CC9195A1B3B69FC002AAEAF /* ChurchParsonage_1.JPG */,
			);
			name = "06 CongregationalChurchParsonage";
			path = "6 CongregationalChurchParsonage";
			sourceTree = "<group>";
		};
		4CC9195B1B3B69FC002AAEAF /* 07 WilliamFKingHouse */ = {
			isa = PBXGroup;
			children = (
				4CC9195C1B3B69FC002AAEAF /* WilliamFKing_6.JPG */,
				4CC9195D1B3B69FC002AAEAF /* WilliamFKingHouse_1.JPG */,
				4CC9195E1B3B69FC002AAEAF /* WilliamFKingHouse_10.JPG */,
				4CC9195F1B3B69FC002AAEAF /* WilliamFKingHouse_3.JPG */,
				4CC919601B3B69FC002AAEAF /* WilliamFKingHouse_5.JPG */,
				4CC919611B3B69FC002AAEAF /* WilliamFKingHouse_7.JPG */,
				4CC919621B3B69FC002AAEAF /* WilliamFkingHouse_8.JPG */,
				4CC919631B3B69FC002AAEAF /* WilliamFKingHouse_9.JPG */,
			);
			name = "07 WilliamFKingHouse";
			path = "7 WilliamFKingHouse";
			sourceTree = "<group>";
		};
		4CC919641B3B69FC002AAEAF /* 08 MissionarySettlementHouse */ = {
			isa = PBXGroup;
			children = (
				4CC919651B3B69FC002AAEAF /* MissionarySettlement_3.JPG */,
				4CC919661B3B69FC002AAEAF /* MissionarySettlement_4.JPG */,
				4CC919671B3B69FC002AAEAF /* MissionarySettlement_5.JPG */,
				4CC919681B3B69FC002AAEAF /* MissionarySettlementHouse_1.JPG */,
				4CC919691B3B69FC002AAEAF /* MissionarySettlementHouse_2.JPG */,
			);
			name = "08 MissionarySettlementHouse";
			path = "8 MissionarySettlementHouse";
			sourceTree = "<group>";
		};
		4CC9196A1B3B69FC002AAEAF /* 09 VanArsdaleHouse */ = {
			isa = PBXGroup;
			children = (
				4CC9196B1B3B69FC002AAEAF /* VanArsdaleHouse_1.JPG */,
				4CC9196C1B3B69FC002AAEAF /* VanArsdaleHouse_2.JPG */,
				4CC9196D1B3B69FC002AAEAF /* VanArsdaleHouse_3.JPG */,
				4CC9196E1B3B69FC002AAEAF /* VanArsdaleHouse_4.JPG */,
			);
			name = "09 VanArsdaleHouse";
			path = "9 VanArsdaleHouse";
			sourceTree = "<group>";
		};
		4CC9196F1B3B69FC002AAEAF /* other */ = {
			isa = PBXGroup;
			children = (
				4CC919701B3B69FC002AAEAF /* Car_1.JPG */,
				4CC919711B3B69FC002AAEAF /* Car_2.JPG */,
				4CC919721B3B69FC002AAEAF /* Car_3.JPG */,
				4CC919731B3B69FC002AAEAF /* historicsign.JPG */,
				4CC919741B3B69FC002AAEAF /* Plaque.JPG */,
				4CC919751B3B69FC002AAEAF /* SaratogaVillage_1(2).JPG */,
				4CC919761B3B69FC002AAEAF /* SaratogaVillage_1.JPG */,
				4CC919771B3B69FC002AAEAF /* SaratogaVillage_2.JPG */,
				4CC919781B3B69FC002AAEAF /* TheInn_1.JPG */,
			);
			path = other;
			sourceTree = "<group>";
		};
		6C3C1E0B1B37227D008B39D0 = {
			isa = PBXGroup;
			children = (
				6C3C1E161B37227D008B39D0 /* SaratogaHistory */,
				6C3C1E151B37227D008B39D0 /* Products */,
				6C3C1E301B37227D008B39D0 /* SaratogaHistoryTests */,
				B5B418F1429813456E638151 /* Pods */,
				18D618B3ED089D615FE8AAD4 /* Frameworks */,
			);
			sourceTree = "<group>";
		};
		6C3C1E151B37227D008B39D0 /* Products */ = {
			isa = PBXGroup;
			children = (
				6C3C1E141B37227D008B39D0 /* SaratogaHistory.app */,
				6C3C1E2D1B37227D008B39D0 /* SaratogaHistoryTests.xctest */,
			);
			name = Products;
			sourceTree = "<group>";
		};
		6C3C1E161B37227D008B39D0 /* SaratogaHistory */ = {
			isa = PBXGroup;
			children = (
				6C3C1E1B1B37227D008B39D0 /* AppDelegate.h */,
				6C3C1E1C1B37227D008B39D0 /* AppDelegate.m */,
				6C3C1E261B37227D008B39D0 /* LaunchScreen.xib */,
				6C3C1E211B37227D008B39D0 /* Main.storyboard */,
				4CA24BE51B373AC000593941 /* Controllers */,
				4C964F8F1B37340B00F59E59 /* Helpers */,
				6C3C1E241B37227D008B39D0 /* Images.xcassets */,
				4C964F961B37343500F59E59 /* Views */,
				4CC918F81B3B69FC002AAEAF /* Images */,
				0A1FEA3E1B372B2C00AFB6A3 /* Models */,
				6C3C1E171B37227D008B39D0 /* Supporting Files */,
			);
			path = SaratogaHistory;
			sourceTree = "<group>";
		};
		6C3C1E171B37227D008B39D0 /* Supporting Files */ = {
			isa = PBXGroup;
			children = (
				4CC917FA1B375981002AAEAF /* I Need A Dollar.mp3 */,
				6C3C1E181B37227D008B39D0 /* Info.plist */,
				6C3C1E191B37227D008B39D0 /* main.m */,
			);
			name = "Supporting Files";
			sourceTree = "<group>";
		};
		6C3C1E301B37227D008B39D0 /* SaratogaHistoryTests */ = {
			isa = PBXGroup;
			children = (
				6C3C1E331B37227D008B39D0 /* SaratogaHistoryTests.m */,
				6C3C1E311B37227D008B39D0 /* Supporting Files */,
			);
			path = SaratogaHistoryTests;
			sourceTree = "<group>";
		};
		6C3C1E311B37227D008B39D0 /* Supporting Files */ = {
			isa = PBXGroup;
			children = (
				6C3C1E321B37227D008B39D0 /* Info.plist */,
			);
			name = "Supporting Files";
			sourceTree = "<group>";
		};
		B5B418F1429813456E638151 /* Pods */ = {
			isa = PBXGroup;
			children = (
				0E265443D33F62DAD5EADEA4 /* Pods.debug.xcconfig */,
				BA3C52C486C8911CA9830DE3 /* Pods.release.xcconfig */,
			);
			name = Pods;
			sourceTree = "<group>";
		};
/* End PBXGroup section */

/* Begin PBXNativeTarget section */
		6C3C1E131B37227D008B39D0 /* SaratogaHistory */ = {
			isa = PBXNativeTarget;
			buildConfigurationList = 6C3C1E371B37227D008B39D0 /* Build configuration list for PBXNativeTarget "SaratogaHistory" */;
			buildPhases = (
				78DB5C582E4555AD43E7C417 /* Check Pods Manifest.lock */,
				6C3C1E101B37227D008B39D0 /* Sources */,
				6C3C1E111B37227D008B39D0 /* Frameworks */,
				6C3C1E121B37227D008B39D0 /* Resources */,
				4A458E90C5BAB7D80BEFC30C /* Copy Pods Resources */,
			);
			buildRules = (
			);
			dependencies = (
			);
			name = SaratogaHistory;
			productName = SaratogaHistory;
			productReference = 6C3C1E141B37227D008B39D0 /* SaratogaHistory.app */;
			productType = "com.apple.product-type.application";
		};
		6C3C1E2C1B37227D008B39D0 /* SaratogaHistoryTests */ = {
			isa = PBXNativeTarget;
			buildConfigurationList = 6C3C1E3A1B37227D008B39D0 /* Build configuration list for PBXNativeTarget "SaratogaHistoryTests" */;
			buildPhases = (
				6C3C1E291B37227D008B39D0 /* Sources */,
				6C3C1E2A1B37227D008B39D0 /* Frameworks */,
				6C3C1E2B1B37227D008B39D0 /* Resources */,
			);
			buildRules = (
			);
			dependencies = (
				6C3C1E2F1B37227D008B39D0 /* PBXTargetDependency */,
			);
			name = SaratogaHistoryTests;
			productName = SaratogaHistoryTests;
			productReference = 6C3C1E2D1B37227D008B39D0 /* SaratogaHistoryTests.xctest */;
			productType = "com.apple.product-type.bundle.unit-test";
		};
/* End PBXNativeTarget section */

/* Begin PBXProject section */
		6C3C1E0C1B37227D008B39D0 /* Project object */ = {
			isa = PBXProject;
			attributes = {
				LastUpgradeCheck = 0630;
				ORGANIZATIONNAME = "Spencer Yen";
				TargetAttributes = {
					6C3C1E131B37227D008B39D0 = {
						CreatedOnToolsVersion = 6.3.2;
					};
					6C3C1E2C1B37227D008B39D0 = {
						CreatedOnToolsVersion = 6.3.2;
						TestTargetID = 6C3C1E131B37227D008B39D0;
					};
				};
			};
			buildConfigurationList = 6C3C1E0F1B37227D008B39D0 /* Build configuration list for PBXProject "SaratogaHistory" */;
			compatibilityVersion = "Xcode 3.2";
			developmentRegion = English;
			hasScannedForEncodings = 0;
			knownRegions = (
				en,
				Base,
			);
			mainGroup = 6C3C1E0B1B37227D008B39D0;
			productRefGroup = 6C3C1E151B37227D008B39D0 /* Products */;
			projectDirPath = "";
			projectRoot = "";
			targets = (
				6C3C1E131B37227D008B39D0 /* SaratogaHistory */,
				6C3C1E2C1B37227D008B39D0 /* SaratogaHistoryTests */,
			);
		};
/* End PBXProject section */

/* Begin PBXResourcesBuildPhase section */
		6C3C1E121B37227D008B39D0 /* Resources */ = {
			isa = PBXResourcesBuildPhase;
			buildActionMask = 2147483647;
			files = (
				6C3C1E231B37227D008B39D0 /* Main.storyboard in Resources */,
				4CC917FB1B375981002AAEAF /* I Need A Dollar.mp3 in Resources */,
				4CC919A81B3B69FC002AAEAF /* Bank_2.JPG in Resources */,
				4CC919A61B3B69FC002AAEAF /* SamuelCloud'sHouse_4.JPG in Resources */,
				4CC9198B1B3B69FC002AAEAF /* Cementary_9.JPG in Resources */,
				4CC919D61B3B69FC002AAEAF /* Car_2.JPG in Resources */,
				4CC919891B3B69FC002AAEAF /* Cementary_7.JPG in Resources */,
				4CC919791B3B69FC002AAEAF /* Museum_6.JPG in Resources */,
				4CC919C21B3B69FC002AAEAF /* SaratogaSchool_3.JPG in Resources */,
				4CC919D51B3B69FC002AAEAF /* Car_1.JPG in Resources */,
				4CC9199C1B3B69FC002AAEAF /* SamuelCloud'sHouse_3.JPG in Resources */,
				4CC919A91B3B69FC002AAEAF /* Bank_3.JPG in Resources */,
				4CC919D01B3B69FC002AAEAF /* MissionarySettlementHouse_2.JPG in Resources */,
				4CC918081B3759DA002AAEAF /* SaratogaHistoryImage.jpg in Resources */,
				4CC919AD1B3B69FC002AAEAF /* MemorialArch_1(2).JPG in Resources */,
				4CC919C41B3B69FC002AAEAF /* WilliamFKing_6.JPG in Resources */,
				4CC919A01B3B69FC002AAEAF /* McCarty'sTollGate_1.JPG in Resources */,
				4CC919821B3B69FC002AAEAF /* Cementary_1.JPG in Resources */,
				4CC919D21B3B69FC002AAEAF /* VanArsdaleHouse_2.JPG in Resources */,
				4CC919D31B3B69FC002AAEAF /* VanArsdaleHouse_3.JPG in Resources */,
				4CC9198E1B3B69FC002AAEAF /* JohnHenryHouse_2.JPG in Resources */,
				4CC919CF1B3B69FC002AAEAF /* MissionarySettlementHouse_1.JPG in Resources */,
				4CC9198C1B3B69FC002AAEAF /* NardieHouse_1.JPG in Resources */,
				4CC919AE1B3B69FC002AAEAF /* MemorialArch_1.JPG in Resources */,
				4CC919D91B3B69FC002AAEAF /* Plaque.JPG in Resources */,
				4CC919971B3B69FC002AAEAF /* GroverHouse_2.JPG in Resources */,
				4CC919961B3B69FC002AAEAF /* GroverHouse_1.JPG in Resources */,
				4CC919B31B3B69FC002AAEAF /* MethodistEpiscopalChurch_2.JPG in Resources */,
				6C3C1E401B37678F008B39D0 /* playbutton.png in Resources */,
				4CC919841B3B69FC002AAEAF /* Cementary_3(2).JPG in Resources */,
				6C3C1E281B37227D008B39D0 /* LaunchScreen.xib in Resources */,
				4CC919C91B3B69FC002AAEAF /* WilliamFKingHouse_7.JPG in Resources */,
				4CC919B71B3B69FC002AAEAF /* FoothillClub_1(2).JPG in Resources */,
				4CC9198A1B3B69FC002AAEAF /* Cementary_8.JPG in Resources */,
				4CC9199A1B3B69FC002AAEAF /* SamuelCloud'sHouse_1.JPG in Resources */,
				4CC919BD1B3B69FC002AAEAF /* Lunblad'sLodge_1.JPG in Resources */,
				4CC919931B3B69FC002AAEAF /* ErwinKingHouse_3.JPG in Resources */,
				4CC919C11B3B69FC002AAEAF /* SaratogaSchool_2.JPG in Resources */,
				4CC919AA1B3B69FC002AAEAF /* Bank_4.JPG in Resources */,
				6C3C1E3F1B37678F008B39D0 /* pausebutton.png in Resources */,
				4CC9198D1B3B69FC002AAEAF /* JohnHenryHouse_1.JPG in Resources */,
				4CC919C31B3B69FC002AAEAF /* ChurchParsonage_1.JPG in Resources */,
				4CC9197A1B3B69FC002AAEAF /* Museum_7.JPG in Resources */,
				6C3C1E251B37227D008B39D0 /* Images.xcassets in Resources */,
				4CC919D71B3B69FC002AAEAF /* Car_3.JPG in Resources */,
				4CC919861B3B69FC002AAEAF /* Cementary_4.JPG in Resources */,
				4CC919C51B3B69FC002AAEAF /* WilliamFKingHouse_1.JPG in Resources */,
				4CC919981B3B69FC002AAEAF /* GreenStoreBuilding-KocherBuilding_1.JPG in Resources */,
				4CC919DA1B3B69FC002AAEAF /* SaratogaVillage_1(2).JPG in Resources */,
				4CC9197F1B3B69FC002AAEAF /* SaratogaHistoryMuseum_3.JPG in Resources */,
				4CC9197E1B3B69FC002AAEAF /* SaratogaHistoryMuseum_2.JPG in Resources */,
				4CC919B11B3B69FC002AAEAF /* MethodistEpiscopalChurch_1(2).JPG in Resources */,
				4CC919AF1B3B69FC002AAEAF /* Firebell_1.JPG in Resources */,
				4CC919A11B3B69FC002AAEAF /* McWilliam'sHouse_1.JPG in Resources */,
				4CC918071B3759DA002AAEAF /* SaratogaHistory2.jpg in Resources */,
				4CC9199F1B3B69FC002AAEAF /* SamCloud'sHayandFeedWarehouse_3.JPG in Resources */,
				4CC9197B1B3B69FC002AAEAF /* Museum_8.JPG in Resources */,
				4CC919801B3B69FC002AAEAF /* SaratogaHistoryMuseum_4.JPG in Resources */,
				4CC919901B3B69FC002AAEAF /* PettisLiveryStable_2.JPG in Resources */,
				4CC919B21B3B69FC002AAEAF /* MethodistEpiscopalChurch_1.JPG in Resources */,
				4CC919C01B3B69FC002AAEAF /* SaratogaSchool_1.JPG in Resources */,
				4CC919DD1B3B69FC002AAEAF /* TheInn_1.JPG in Resources */,
				4CC919911B3B69FC002AAEAF /* ErwinKingHouse_1.JPG in Resources */,
				4CC918051B3759DA002AAEAF /* playBlack.png in Resources */,
				4CC918041B3759DA002AAEAF /* pauseBlack.png in Resources */,
				4CC919881B3B69FC002AAEAF /* Cementary_6.JPG in Resources */,
				4CC919CE1B3B69FC002AAEAF /* MissionarySettlement_5.JPG in Resources */,
				4CC919B91B3B69FC002AAEAF /* FoothillClub_2(2).JPG in Resources */,
				4CC919A41B3B69FC002AAEAF /* McWilliamsHouse_4.JPG in Resources */,
				4CC919AC1B3B69FC002AAEAF /* Bank_6.JPG in Resources */,
				4CC919BA1B3B69FC002AAEAF /* FoothillClub_2.JPG in Resources */,
				4CC9199B1B3B69FC002AAEAF /* SamuelCloud'sHouse_2.JPG in Resources */,
				4CC919BE1B3B69FC002AAEAF /* Lundblad'sLodge_2.JPG in Resources */,
				4CC919C61B3B69FC002AAEAF /* WilliamFKingHouse_10.JPG in Resources */,
				4CC919CB1B3B69FC002AAEAF /* WilliamFKingHouse_9.JPG in Resources */,
				4CC919921B3B69FC002AAEAF /* ErwinKingHouse_2.JPG in Resources */,
				4CC919CD1B3B69FC002AAEAF /* MissionarySettlement_4.JPG in Resources */,
				4CC918061B3759DA002AAEAF /* previousBlack.png in Resources */,
				4CC919851B3B69FC002AAEAF /* Cementary_3.JPG in Resources */,
				4CC919A51B3B69FC002AAEAF /* McWilliamsHouse_5.JPG in Resources */,
				4CC919951B3B69FC002AAEAF /* GroverHouse_1(2).JPG in Resources */,
				4CC919BF1B3B69FC002AAEAF /* Lundblad'sLodge_3.JPG in Resources */,
				4CC919B81B3B69FC002AAEAF /* FoothillClub_1.JPG in Resources */,
				4CC919C71B3B69FC002AAEAF /* WilliamFKingHouse_3.JPG in Resources */,
				4CC9199E1B3B69FC002AAEAF /* SamCloud'sHayandFeedWarehouse_2.JPG in Resources */,
				4CC919BC1B3B69FC002AAEAF /* VillageLibrary_1.JPG in Resources */,
				4CC919C81B3B69FC002AAEAF /* WilliamFKingHouse_5.JPG in Resources */,
				4CC919991B3B69FC002AAEAF /* GreenStoreBuilding-KocherBuilding_3.JPG in Resources */,
				4CC919941B3B69FC002AAEAF /* ErwinKingHouse_4.JPG in Resources */,
				4CC919B01B3B69FC002AAEAF /* Firebell_2.JPG in Resources */,
				4CC919CC1B3B69FC002AAEAF /* MissionarySettlement_3.JPG in Resources */,
				4CC919B61B3B69FC002AAEAF /* SaratogaFederatedChurch_3.JPG in Resources */,
				4CC919DC1B3B69FC002AAEAF /* SaratogaVillage_2.JPG in Resources */,
				4CC919BB1B3B69FC002AAEAF /* FoothillClub_3.JPG in Resources */,
				4CC918031B3759DA002AAEAF /* nextBlack.png in Resources */,
				4CC919831B3B69FC002AAEAF /* Cementary_2.JPG in Resources */,
				4CC919B51B3B69FC002AAEAF /* SaratogaFederatedChurch_2.JPG in Resources */,
				4CC919A31B3B69FC002AAEAF /* McWilliamsHouse_3.JPG in Resources */,
				4CC919A21B3B69FC002AAEAF /* McWilliam'sHouse_2.JPG in Resources */,
				4CC919B41B3B69FC002AAEAF /* SaratogaFederatedChurch_1.JPG in Resources */,
				4CC919DB1B3B69FC002AAEAF /* SaratogaVillage_1.JPG in Resources */,
				4CC919A71B3B69FC002AAEAF /* Bank_1.JPG in Resources */,
				4CC919D81B3B69FC002AAEAF /* historicsign.JPG in Resources */,
				4CC919811B3B69FC002AAEAF /* SaratogaHistoryMuseum_5.JPG in Resources */,
				4CC919D11B3B69FC002AAEAF /* VanArsdaleHouse_1.JPG in Resources */,
				4CC919871B3B69FC002AAEAF /* Cementary_5.JPG in Resources */,
				4CC9199D1B3B69FC002AAEAF /* SamCloud'sHayandFeedWarehouse_1.JPG in Resources */,
				4CC919AB1B3B69FC002AAEAF /* Bank_5.JPG in Resources */,
				4CC9198F1B3B69FC002AAEAF /* PettisLiveryStable_1.JPG in Resources */,
				4CC919D41B3B69FC002AAEAF /* VanArsdaleHouse_4.JPG in Resources */,
				4CC9197D1B3B69FC002AAEAF /* SaratogaHistoryMuseum_1.JPG in Resources */,
				4CC9197C1B3B69FC002AAEAF /* Museum_9.JPG in Resources */,
				4CC919CA1B3B69FC002AAEAF /* WilliamFkingHouse_8.JPG in Resources */,
			);
			runOnlyForDeploymentPostprocessing = 0;
		};
		6C3C1E2B1B37227D008B39D0 /* Resources */ = {
			isa = PBXResourcesBuildPhase;
			buildActionMask = 2147483647;
			files = (
			);
			runOnlyForDeploymentPostprocessing = 0;
		};
/* End PBXResourcesBuildPhase section */

/* Begin PBXShellScriptBuildPhase section */
		4A458E90C5BAB7D80BEFC30C /* Copy Pods Resources */ = {
			isa = PBXShellScriptBuildPhase;
			buildActionMask = 2147483647;
			files = (
			);
			inputPaths = (
			);
			name = "Copy Pods Resources";
			outputPaths = (
			);
			runOnlyForDeploymentPostprocessing = 0;
			shellPath = /bin/sh;
			shellScript = "\"${SRCROOT}/Pods/Target Support Files/Pods/Pods-resources.sh\"\n";
			showEnvVarsInLog = 0;
		};
		78DB5C582E4555AD43E7C417 /* Check Pods Manifest.lock */ = {
			isa = PBXShellScriptBuildPhase;
			buildActionMask = 2147483647;
			files = (
			);
			inputPaths = (
			);
			name = "Check Pods Manifest.lock";
			outputPaths = (
			);
			runOnlyForDeploymentPostprocessing = 0;
			shellPath = /bin/sh;
			shellScript = "diff \"${PODS_ROOT}/../Podfile.lock\" \"${PODS_ROOT}/Manifest.lock\" > /dev/null\nif [[ $? != 0 ]] ; then\n    cat << EOM\nerror: The sandbox is not in sync with the Podfile.lock. Run 'pod install' or update your CocoaPods installation.\nEOM\n    exit 1\nfi\n";
			showEnvVarsInLog = 0;
		};
/* End PBXShellScriptBuildPhase section */

/* Begin PBXSourcesBuildPhase section */
		6C3C1E101B37227D008B39D0 /* Sources */ = {
			isa = PBXSourcesBuildPhase;
			buildActionMask = 2147483647;
			files = (
				4CC9180E1B375C29002AAEAF /* Reachability.m in Sources */,
				4CC917F71B3742FF002AAEAF /* SHBaseViewController.m in Sources */,
				4CC917F91B3742FF002AAEAF /* SHTourViewController.m in Sources */,
				4C964F9C1B37343500F59E59 /* SYFullAudioPlayerView.m in Sources */,
				0A1FEA411B372B2C00AFB6A3 /* SHPlace.m in Sources */,
				4C964F941B37340B00F59E59 /* SHPlaceManager.m in Sources */,
				4CC918111B39D6B5002AAEAF /* SHMoreViewController.m in Sources */,
				4C964F9B1B37343500F59E59 /* SYAudioPlayerView.m in Sources */,
				6C3C1E1D1B37227D008B39D0 /* AppDelegate.m in Sources */,
				4CA24BF41B373E1200593941 /* SHImageScrollerView.m in Sources */,
				4C964F951B37340B00F59E59 /* UIView+AutoLayout.m in Sources */,
				4CC917F81B3742FF002AAEAF /* SHPlaceViewController.m in Sources */,
				6C3C1E1A1B37227D008B39D0 /* main.m in Sources */,
			);
			runOnlyForDeploymentPostprocessing = 0;
		};
		6C3C1E291B37227D008B39D0 /* Sources */ = {
			isa = PBXSourcesBuildPhase;
			buildActionMask = 2147483647;
			files = (
				6C3C1E341B37227D008B39D0 /* SaratogaHistoryTests.m in Sources */,
			);
			runOnlyForDeploymentPostprocessing = 0;
		};
/* End PBXSourcesBuildPhase section */

/* Begin PBXTargetDependency section */
		6C3C1E2F1B37227D008B39D0 /* PBXTargetDependency */ = {
			isa = PBXTargetDependency;
			target = 6C3C1E131B37227D008B39D0 /* SaratogaHistory */;
			targetProxy = 6C3C1E2E1B37227D008B39D0 /* PBXContainerItemProxy */;
		};
/* End PBXTargetDependency section */

/* Begin PBXVariantGroup section */
		6C3C1E211B37227D008B39D0 /* Main.storyboard */ = {
			isa = PBXVariantGroup;
			children = (
				6C3C1E221B37227D008B39D0 /* Base */,
			);
			name = Main.storyboard;
			sourceTree = "<group>";
		};
		6C3C1E261B37227D008B39D0 /* LaunchScreen.xib */ = {
			isa = PBXVariantGroup;
			children = (
				6C3C1E271B37227D008B39D0 /* Base */,
			);
			name = LaunchScreen.xib;
			sourceTree = "<group>";
		};
/* End PBXVariantGroup section */

/* Begin XCBuildConfiguration section */
		6C3C1E351B37227D008B39D0 /* Debug */ = {
			isa = XCBuildConfiguration;
			buildSettings = {
				ALWAYS_SEARCH_USER_PATHS = NO;
				CLANG_CXX_LANGUAGE_STANDARD = "gnu++0x";
				CLANG_CXX_LIBRARY = "libc++";
				CLANG_ENABLE_MODULES = YES;
				CLANG_ENABLE_OBJC_ARC = YES;
				CLANG_WARN_BOOL_CONVERSION = YES;
				CLANG_WARN_CONSTANT_CONVERSION = YES;
				CLANG_WARN_DIRECT_OBJC_ISA_USAGE = YES_ERROR;
				CLANG_WARN_EMPTY_BODY = YES;
				CLANG_WARN_ENUM_CONVERSION = YES;
				CLANG_WARN_INT_CONVERSION = YES;
				CLANG_WARN_OBJC_ROOT_CLASS = YES_ERROR;
				CLANG_WARN_UNREACHABLE_CODE = YES;
				CLANG_WARN__DUPLICATE_METHOD_MATCH = YES;
				"CODE_SIGN_IDENTITY[sdk=iphoneos*]" = "iPhone Developer";
				COPY_PHASE_STRIP = NO;
				DEBUG_INFORMATION_FORMAT = "dwarf-with-dsym";
				ENABLE_STRICT_OBJC_MSGSEND = YES;
				GCC_C_LANGUAGE_STANDARD = gnu99;
				GCC_DYNAMIC_NO_PIC = NO;
				GCC_NO_COMMON_BLOCKS = YES;
				GCC_OPTIMIZATION_LEVEL = 0;
				GCC_PREPROCESSOR_DEFINITIONS = (
					"DEBUG=1",
					"$(inherited)",
				);
				GCC_SYMBOLS_PRIVATE_EXTERN = NO;
				GCC_WARN_64_TO_32_BIT_CONVERSION = YES;
				GCC_WARN_ABOUT_RETURN_TYPE = YES_ERROR;
				GCC_WARN_UNDECLARED_SELECTOR = YES;
				GCC_WARN_UNINITIALIZED_AUTOS = YES_AGGRESSIVE;
				GCC_WARN_UNUSED_FUNCTION = YES;
				GCC_WARN_UNUSED_VARIABLE = YES;
				IPHONEOS_DEPLOYMENT_TARGET = 8.3;
				MTL_ENABLE_DEBUG_INFO = YES;
				ONLY_ACTIVE_ARCH = YES;
				SDKROOT = iphoneos;
			};
			name = Debug;
		};
		6C3C1E361B37227D008B39D0 /* Release */ = {
			isa = XCBuildConfiguration;
			buildSettings = {
				ALWAYS_SEARCH_USER_PATHS = NO;
				CLANG_CXX_LANGUAGE_STANDARD = "gnu++0x";
				CLANG_CXX_LIBRARY = "libc++";
				CLANG_ENABLE_MODULES = YES;
				CLANG_ENABLE_OBJC_ARC = YES;
				CLANG_WARN_BOOL_CONVERSION = YES;
				CLANG_WARN_CONSTANT_CONVERSION = YES;
				CLANG_WARN_DIRECT_OBJC_ISA_USAGE = YES_ERROR;
				CLANG_WARN_EMPTY_BODY = YES;
				CLANG_WARN_ENUM_CONVERSION = YES;
				CLANG_WARN_INT_CONVERSION = YES;
				CLANG_WARN_OBJC_ROOT_CLASS = YES_ERROR;
				CLANG_WARN_UNREACHABLE_CODE = YES;
				CLANG_WARN__DUPLICATE_METHOD_MATCH = YES;
				"CODE_SIGN_IDENTITY[sdk=iphoneos*]" = "iPhone Developer";
				COPY_PHASE_STRIP = NO;
				DEBUG_INFORMATION_FORMAT = "dwarf-with-dsym";
				ENABLE_NS_ASSERTIONS = NO;
				ENABLE_STRICT_OBJC_MSGSEND = YES;
				GCC_C_LANGUAGE_STANDARD = gnu99;
				GCC_NO_COMMON_BLOCKS = YES;
				GCC_WARN_64_TO_32_BIT_CONVERSION = YES;
				GCC_WARN_ABOUT_RETURN_TYPE = YES_ERROR;
				GCC_WARN_UNDECLARED_SELECTOR = YES;
				GCC_WARN_UNINITIALIZED_AUTOS = YES_AGGRESSIVE;
				GCC_WARN_UNUSED_FUNCTION = YES;
				GCC_WARN_UNUSED_VARIABLE = YES;
				IPHONEOS_DEPLOYMENT_TARGET = 8.3;
				MTL_ENABLE_DEBUG_INFO = NO;
				SDKROOT = iphoneos;
				VALIDATE_PRODUCT = YES;
			};
			name = Release;
		};
		6C3C1E381B37227D008B39D0 /* Debug */ = {
			isa = XCBuildConfiguration;
			baseConfigurationReference = 0E265443D33F62DAD5EADEA4 /* Pods.debug.xcconfig */;
			buildSettings = {
				ASSETCATALOG_COMPILER_APPICON_NAME = AppIcon;
				CODE_SIGN_IDENTITY = "iPhone Developer";
				INFOPLIST_FILE = SaratogaHistory/Info.plist;
				IPHONEOS_DEPLOYMENT_TARGET = 7.0;
				LD_RUNPATH_SEARCH_PATHS = "$(inherited) @executable_path/Frameworks";
				PRODUCT_NAME = "$(TARGET_NAME)";
				TARGETED_DEVICE_FAMILY = "1,2";
			};
			name = Debug;
		};
		6C3C1E391B37227D008B39D0 /* Release */ = {
			isa = XCBuildConfiguration;
			baseConfigurationReference = BA3C52C486C8911CA9830DE3 /* Pods.release.xcconfig */;
			buildSettings = {
				ASSETCATALOG_COMPILER_APPICON_NAME = AppIcon;
				CODE_SIGN_IDENTITY = "iPhone Developer";
				INFOPLIST_FILE = SaratogaHistory/Info.plist;
				IPHONEOS_DEPLOYMENT_TARGET = 7.0;
				LD_RUNPATH_SEARCH_PATHS = "$(inherited) @executable_path/Frameworks";
				PRODUCT_NAME = "$(TARGET_NAME)";
				TARGETED_DEVICE_FAMILY = "1,2";
			};
			name = Release;
		};
		6C3C1E3B1B37227D008B39D0 /* Debug */ = {
			isa = XCBuildConfiguration;
			buildSettings = {
				BUNDLE_LOADER = "$(TEST_HOST)";
				FRAMEWORK_SEARCH_PATHS = (
					"$(SDKROOT)/Developer/Library/Frameworks",
					"$(inherited)",
				);
				GCC_PREPROCESSOR_DEFINITIONS = (
					"DEBUG=1",
					"$(inherited)",
				);
				INFOPLIST_FILE = SaratogaHistoryTests/Info.plist;
				LD_RUNPATH_SEARCH_PATHS = "$(inherited) @executable_path/Frameworks @loader_path/Frameworks";
				PRODUCT_NAME = "$(TARGET_NAME)";
				TEST_HOST = "$(BUILT_PRODUCTS_DIR)/SaratogaHistory.app/SaratogaHistory";
			};
			name = Debug;
		};
		6C3C1E3C1B37227D008B39D0 /* Release */ = {
			isa = XCBuildConfiguration;
			buildSettings = {
				BUNDLE_LOADER = "$(TEST_HOST)";
				FRAMEWORK_SEARCH_PATHS = (
					"$(SDKROOT)/Developer/Library/Frameworks",
					"$(inherited)",
				);
				INFOPLIST_FILE = SaratogaHistoryTests/Info.plist;
				LD_RUNPATH_SEARCH_PATHS = "$(inherited) @executable_path/Frameworks @loader_path/Frameworks";
				PRODUCT_NAME = "$(TARGET_NAME)";
				TEST_HOST = "$(BUILT_PRODUCTS_DIR)/SaratogaHistory.app/SaratogaHistory";
			};
			name = Release;
		};
/* End XCBuildConfiguration section */

/* Begin XCConfigurationList section */
		6C3C1E0F1B37227D008B39D0 /* Build configuration list for PBXProject "SaratogaHistory" */ = {
			isa = XCConfigurationList;
			buildConfigurations = (
				6C3C1E351B37227D008B39D0 /* Debug */,
				6C3C1E361B37227D008B39D0 /* Release */,
			);
			defaultConfigurationIsVisible = 0;
			defaultConfigurationName = Release;
		};
		6C3C1E371B37227D008B39D0 /* Build configuration list for PBXNativeTarget "SaratogaHistory" */ = {
			isa = XCConfigurationList;
			buildConfigurations = (
				6C3C1E381B37227D008B39D0 /* Debug */,
				6C3C1E391B37227D008B39D0 /* Release */,
			);
			defaultConfigurationIsVisible = 0;
			defaultConfigurationName = Release;
		};
		6C3C1E3A1B37227D008B39D0 /* Build configuration list for PBXNativeTarget "SaratogaHistoryTests" */ = {
			isa = XCConfigurationList;
			buildConfigurations = (
				6C3C1E3B1B37227D008B39D0 /* Debug */,
				6C3C1E3C1B37227D008B39D0 /* Release */,
			);
			defaultConfigurationIsVisible = 0;
			defaultConfigurationName = Release;
		};
/* End XCConfigurationList section */
	};
	rootObject = 6C3C1E0C1B37227D008B39D0 /* Project object */;
}
